// !$*UTF8*$!
{
	archiveVersion = 1;
	classes = {
	};
	objectVersion = 56;
	objects = {

/* Begin PBXBuildFile section */
		0E576EEC290A7AF900341C88 /* CloudKitService.swift in Sources */ = {isa = PBXBuildFile; fileRef = 0E576EEB290A7AF900341C88 /* CloudKitService.swift */; };
		0E576EF0290A925B00341C88 /* macro-database.xcdatamodeld in Sources */ = {isa = PBXBuildFile; fileRef = 0E576EEE290A925B00341C88 /* macro-database.xcdatamodeld */; };
		0E6F61EF290FC348005C5415 /* DashboardScreen.swift in Sources */ = {isa = PBXBuildFile; fileRef = 0E6F61EE290FC348005C5415 /* DashboardScreen.swift */; };
		0E6F61F1290FC40B005C5415 /* Enum.swift in Sources */ = {isa = PBXBuildFile; fileRef = 0E6F61F0290FC40B005C5415 /* Enum.swift */; };
		0E6F61F4290FC75B005C5415 /* MilestoneScreen.swift in Sources */ = {isa = PBXBuildFile; fileRef = 0E6F61F3290FC75B005C5415 /* MilestoneScreen.swift */; };
		0E6F61F7290FC790005C5415 /* ReportScreen.swift in Sources */ = {isa = PBXBuildFile; fileRef = 0E6F61F6290FC790005C5415 /* ReportScreen.swift */; };
		0E6F61F9290FD283005C5415 /* ViewModel.swift in Sources */ = {isa = PBXBuildFile; fileRef = 0E6F61F8290FD283005C5415 /* ViewModel.swift */; };
		0E7456F229069B4D00D792E6 /* macro_team15App.swift in Sources */ = {isa = PBXBuildFile; fileRef = 0E7456F129069B4D00D792E6 /* macro_team15App.swift */; };
		0E7456F429069B4D00D792E6 /* ContentView.swift in Sources */ = {isa = PBXBuildFile; fileRef = 0E7456F329069B4D00D792E6 /* ContentView.swift */; };
		0E7456F629069B4E00D792E6 /* Assets.xcassets in Resources */ = {isa = PBXBuildFile; fileRef = 0E7456F529069B4E00D792E6 /* Assets.xcassets */; };
		0E7456F929069B4E00D792E6 /* Preview Assets.xcassets in Resources */ = {isa = PBXBuildFile; fileRef = 0E7456F829069B4E00D792E6 /* Preview Assets.xcassets */; };
		0E7764FC291A4ABD005792FF /* BadgesScreen.swift in Sources */ = {isa = PBXBuildFile; fileRef = 0E7764FB291A4ABD005792FF /* BadgesScreen.swift */; };
		0E7764FE291BBC86005792FF /* BadgesContainer.swift in Sources */ = {isa = PBXBuildFile; fileRef = 0E7764FD291BBC86005792FF /* BadgesContainer.swift */; };
		0EDCE4332906A1A50092F759 /* Persistence.swift in Sources */ = {isa = PBXBuildFile; fileRef = 0EDCE4302906A1A50092F759 /* Persistence.swift */; };
		FA13CD6C2914FCDA00616699 /* Color.swift in Sources */ = {isa = PBXBuildFile; fileRef = FA13CD6B2914FCDA00616699 /* Color.swift */; };
		FA34BD4D291A3FE8009DF42B /* MilestoneDetailView.swift in Sources */ = {isa = PBXBuildFile; fileRef = FA34BD4C291A3FE8009DF42B /* MilestoneDetailView.swift */; };
		FA34BD4F291A5DAC009DF42B /* View.swift in Sources */ = {isa = PBXBuildFile; fileRef = FA34BD4E291A5DAC009DF42B /* View.swift */; };
		FA4513C9292BDD17002ADD1A /* BackgroundView.swift in Sources */ = {isa = PBXBuildFile; fileRef = FA4513C8292BDD17002ADD1A /* BackgroundView.swift */; };
		FA4513CB292BE047002ADD1A /* DashboardHeaderView.swift in Sources */ = {isa = PBXBuildFile; fileRef = FA4513CA292BE047002ADD1A /* DashboardHeaderView.swift */; };
		FA4513CD292BE44D002ADD1A /* HighlightedStimulusView.swift in Sources */ = {isa = PBXBuildFile; fileRef = FA4513CC292BE44D002ADD1A /* HighlightedStimulusView.swift */; };
		FA706AD32913C49400AD30A4 /* CardView.swift in Sources */ = {isa = PBXBuildFile; fileRef = FA706AD22913C49400AD30A4 /* CardView.swift */; };
		FA7B02B92917DABA00552541 /* MilestoneProgressFullView.swift in Sources */ = {isa = PBXBuildFile; fileRef = FA7B02B82917DABA00552541 /* MilestoneProgressFullView.swift */; };
		FA7B02BB2917F60100552541 /* MilestoneProgressCompactView.swift in Sources */ = {isa = PBXBuildFile; fileRef = FA7B02BA2917F60100552541 /* MilestoneProgressCompactView.swift */; };
		FAB270C2291BBC8B00C3E99A /* BadgeDetailView.swift in Sources */ = {isa = PBXBuildFile; fileRef = FAB270C1291BBC8B00C3E99A /* BadgeDetailView.swift */; };
		FAB8F3E5291A0227008F7C59 /* Shapes.swift in Sources */ = {isa = PBXBuildFile; fileRef = FAB8F3E4291A0227008F7C59 /* Shapes.swift */; };
		FAB8F3E7291A0570008F7C59 /* Date.swift in Sources */ = {isa = PBXBuildFile; fileRef = FAB8F3E6291A0570008F7C59 /* Date.swift */; };
/* End PBXBuildFile section */

/* Begin PBXFileReference section */
		0E576EEB290A7AF900341C88 /* CloudKitService.swift */ = {isa = PBXFileReference; fileEncoding = 4; lastKnownFileType = sourcecode.swift; path = CloudKitService.swift; sourceTree = "<group>"; };
		0E576EED290A7B2100341C88 /* macro-team15.entitlements */ = {isa = PBXFileReference; lastKnownFileType = text.plist.entitlements; path = "macro-team15.entitlements"; sourceTree = "<group>"; };
		0E576EEF290A925B00341C88 /* macro-database.xcdatamodel */ = {isa = PBXFileReference; lastKnownFileType = wrapper.xcdatamodel; path = "macro-database.xcdatamodel"; sourceTree = "<group>"; };
		0E6F61EE290FC348005C5415 /* DashboardScreen.swift */ = {isa = PBXFileReference; lastKnownFileType = sourcecode.swift; path = DashboardScreen.swift; sourceTree = "<group>"; };
		0E6F61F0290FC40B005C5415 /* Enum.swift */ = {isa = PBXFileReference; fileEncoding = 4; lastKnownFileType = sourcecode.swift; path = Enum.swift; sourceTree = "<group>"; };
		0E6F61F3290FC75B005C5415 /* MilestoneScreen.swift */ = {isa = PBXFileReference; lastKnownFileType = sourcecode.swift; path = MilestoneScreen.swift; sourceTree = "<group>"; };
		0E6F61F6290FC790005C5415 /* ReportScreen.swift */ = {isa = PBXFileReference; lastKnownFileType = sourcecode.swift; path = ReportScreen.swift; sourceTree = "<group>"; };
		0E6F61F8290FD283005C5415 /* ViewModel.swift */ = {isa = PBXFileReference; lastKnownFileType = sourcecode.swift; path = ViewModel.swift; sourceTree = "<group>"; };
		0E7456EE29069B4D00D792E6 /* macro-team15.app */ = {isa = PBXFileReference; explicitFileType = wrapper.application; includeInIndex = 0; path = "macro-team15.app"; sourceTree = BUILT_PRODUCTS_DIR; };
		0E7456F129069B4D00D792E6 /* macro_team15App.swift */ = {isa = PBXFileReference; lastKnownFileType = sourcecode.swift; path = macro_team15App.swift; sourceTree = "<group>"; };
		0E7456F329069B4D00D792E6 /* ContentView.swift */ = {isa = PBXFileReference; lastKnownFileType = sourcecode.swift; path = ContentView.swift; sourceTree = "<group>"; };
		0E7456F529069B4E00D792E6 /* Assets.xcassets */ = {isa = PBXFileReference; lastKnownFileType = folder.assetcatalog; path = Assets.xcassets; sourceTree = "<group>"; };
		0E7456F829069B4E00D792E6 /* Preview Assets.xcassets */ = {isa = PBXFileReference; lastKnownFileType = folder.assetcatalog; path = "Preview Assets.xcassets"; sourceTree = "<group>"; };
		0E7764FB291A4ABD005792FF /* BadgesScreen.swift */ = {isa = PBXFileReference; lastKnownFileType = sourcecode.swift; path = BadgesScreen.swift; sourceTree = "<group>"; };
		0E7764FD291BBC86005792FF /* BadgesContainer.swift */ = {isa = PBXFileReference; lastKnownFileType = sourcecode.swift; path = BadgesContainer.swift; sourceTree = "<group>"; };
		0EDCE4302906A1A50092F759 /* Persistence.swift */ = {isa = PBXFileReference; fileEncoding = 4; lastKnownFileType = sourcecode.swift; path = Persistence.swift; sourceTree = "<group>"; };
		FA13CD6B2914FCDA00616699 /* Color.swift */ = {isa = PBXFileReference; lastKnownFileType = sourcecode.swift; path = Color.swift; sourceTree = "<group>"; };
		FA34BD4C291A3FE8009DF42B /* MilestoneDetailView.swift */ = {isa = PBXFileReference; lastKnownFileType = sourcecode.swift; path = MilestoneDetailView.swift; sourceTree = "<group>"; };
		FA34BD4E291A5DAC009DF42B /* View.swift */ = {isa = PBXFileReference; lastKnownFileType = sourcecode.swift; path = View.swift; sourceTree = "<group>"; };
		FA4513C8292BDD17002ADD1A /* BackgroundView.swift */ = {isa = PBXFileReference; lastKnownFileType = sourcecode.swift; path = BackgroundView.swift; sourceTree = "<group>"; };
		FA4513CA292BE047002ADD1A /* DashboardHeaderView.swift */ = {isa = PBXFileReference; lastKnownFileType = sourcecode.swift; path = DashboardHeaderView.swift; sourceTree = "<group>"; };
		FA4513CC292BE44D002ADD1A /* HighlightedStimulusView.swift */ = {isa = PBXFileReference; lastKnownFileType = sourcecode.swift; path = HighlightedStimulusView.swift; sourceTree = "<group>"; };
		FA706AD22913C49400AD30A4 /* CardView.swift */ = {isa = PBXFileReference; lastKnownFileType = sourcecode.swift; path = CardView.swift; sourceTree = "<group>"; };
		FA7B02B82917DABA00552541 /* MilestoneProgressFullView.swift */ = {isa = PBXFileReference; lastKnownFileType = sourcecode.swift; path = MilestoneProgressFullView.swift; sourceTree = "<group>"; };
		FA7B02BA2917F60100552541 /* MilestoneProgressCompactView.swift */ = {isa = PBXFileReference; lastKnownFileType = sourcecode.swift; path = MilestoneProgressCompactView.swift; sourceTree = "<group>"; };
		FAB270C1291BBC8B00C3E99A /* BadgeDetailView.swift */ = {isa = PBXFileReference; lastKnownFileType = sourcecode.swift; path = BadgeDetailView.swift; sourceTree = "<group>"; };
		FAB8F3E4291A0227008F7C59 /* Shapes.swift */ = {isa = PBXFileReference; lastKnownFileType = sourcecode.swift; path = Shapes.swift; sourceTree = "<group>"; };
		FAB8F3E6291A0570008F7C59 /* Date.swift */ = {isa = PBXFileReference; lastKnownFileType = sourcecode.swift; path = Date.swift; sourceTree = "<group>"; };
/* End PBXFileReference section */

/* Begin PBXFrameworksBuildPhase section */
		0E7456EB29069B4D00D792E6 /* Frameworks */ = {
			isa = PBXFrameworksBuildPhase;
			buildActionMask = 2147483647;
			files = (
			);
			runOnlyForDeploymentPostprocessing = 0;
		};
/* End PBXFrameworksBuildPhase section */

/* Begin PBXGroup section */
		0E576EE9290A7AB200341C88 /* ViewModel */ = {
			isa = PBXGroup;
			children = (
				0E6F61F8290FD283005C5415 /* ViewModel.swift */,
			);
			path = ViewModel;
			sourceTree = "<group>";
		};
		0E576EEA290A7AD400341C88 /* Service */ = {
			isa = PBXGroup;
			children = (
				0E576EEE290A925B00341C88 /* macro-database.xcdatamodeld */,
				0E576EEB290A7AF900341C88 /* CloudKitService.swift */,
			);
			path = Service;
			sourceTree = "<group>";
		};
		0E6F61ED290FC338005C5415 /* Dashboard */ = {
			isa = PBXGroup;
			children = (
				0E6F61EE290FC348005C5415 /* DashboardScreen.swift */,
				FA4513CC292BE44D002ADD1A /* HighlightedStimulusView.swift */,
				FA4513CA292BE047002ADD1A /* DashboardHeaderView.swift */,
			);
			path = Dashboard;
			sourceTree = "<group>";
		};
		0E6F61F2290FC74B005C5415 /* Milestone */ = {
			isa = PBXGroup;
			children = (
				0E6F61F3290FC75B005C5415 /* MilestoneScreen.swift */,
				FA34BD4C291A3FE8009DF42B /* MilestoneDetailView.swift */,
			);
			path = Milestone;
			sourceTree = "<group>";
		};
		0E6F61F5290FC77E005C5415 /* Report */ = {
			isa = PBXGroup;
			children = (
				0E6F61F6290FC790005C5415 /* ReportScreen.swift */,
			);
			path = Report;
			sourceTree = "<group>";
		};
		0E7456E529069B4C00D792E6 = {
			isa = PBXGroup;
			children = (
				0E7456F029069B4D00D792E6 /* macro-team15 */,
				0E7456EF29069B4D00D792E6 /* Products */,
			);
			sourceTree = "<group>";
		};
		0E7456EF29069B4D00D792E6 /* Products */ = {
			isa = PBXGroup;
			children = (
				0E7456EE29069B4D00D792E6 /* macro-team15.app */,
			);
			name = Products;
			sourceTree = "<group>";
		};
		0E7456F029069B4D00D792E6 /* macro-team15 */ = {
			isa = PBXGroup;
			children = (
				FA13CD6A2914FCCD00616699 /* Extensions */,
				0E576EED290A7B2100341C88 /* macro-team15.entitlements */,
				0E7456F129069B4D00D792E6 /* macro_team15App.swift */,
				0EDCE4352906A3140092F759 /* Model */,
				0EDCE4362906A4D60092F759 /* View */,
				0E576EE9290A7AB200341C88 /* ViewModel */,
				0E576EEA290A7AD400341C88 /* Service */,
				0E7456F529069B4E00D792E6 /* Assets.xcassets */,
				0E7456F729069B4E00D792E6 /* Preview Content */,
			);
			path = "macro-team15";
			sourceTree = "<group>";
		};
		0E7456F729069B4E00D792E6 /* Preview Content */ = {
			isa = PBXGroup;
			children = (
				0E7456F829069B4E00D792E6 /* Preview Assets.xcassets */,
			);
			path = "Preview Content";
			sourceTree = "<group>";
		};
		0E7764FA291A4A62005792FF /* Badges */ = {
			isa = PBXGroup;
			children = (
				0E7764FB291A4ABD005792FF /* BadgesScreen.swift */,
			);
			path = Badges;
			sourceTree = "<group>";
		};
		0EDCE4352906A3140092F759 /* Model */ = {
			isa = PBXGroup;
			children = (
				0E6F61F0290FC40B005C5415 /* Enum.swift */,
				0EDCE4302906A1A50092F759 /* Persistence.swift */,
				FAB8F3E4291A0227008F7C59 /* Shapes.swift */,
			);
			path = Model;
			sourceTree = "<group>";
		};
		0EDCE4362906A4D60092F759 /* View */ = {
			isa = PBXGroup;
			children = (
				FAB270C0291BBC7600C3E99A /* Badge */,
				FA706AD12913C46D00AD30A4 /* Components */,
				0E6F61ED290FC338005C5415 /* Dashboard */,
				0E6F61F2290FC74B005C5415 /* Milestone */,
				0E6F61F5290FC77E005C5415 /* Report */,
				0E7764FA291A4A62005792FF /* Badges */,
				0E7456F329069B4D00D792E6 /* ContentView.swift */,
			);
			path = View;
			sourceTree = "<group>";
		};
		FA13CD6A2914FCCD00616699 /* Extensions */ = {
			isa = PBXGroup;
			children = (
				FA13CD6B2914FCDA00616699 /* Color.swift */,
				FAB8F3E6291A0570008F7C59 /* Date.swift */,
				FA34BD4E291A5DAC009DF42B /* View.swift */,
			);
			path = Extensions;
			sourceTree = "<group>";
		};
		FA706AD12913C46D00AD30A4 /* Components */ = {
			isa = PBXGroup;
			children = (
				0E7764FD291BBC86005792FF /* BadgesContainer.swift */,
				FA706AD22913C49400AD30A4 /* CardView.swift */,
				FA7B02B82917DABA00552541 /* MilestoneProgressFullView.swift */,
				FA7B02BA2917F60100552541 /* MilestoneProgressCompactView.swift */,
				FA4513C8292BDD17002ADD1A /* BackgroundView.swift */,
			);
			path = Components;
			sourceTree = "<group>";
		};
		FAB270C0291BBC7600C3E99A /* Badge */ = {
			isa = PBXGroup;
			children = (
				FAB270C1291BBC8B00C3E99A /* BadgeDetailView.swift */,
			);
			path = Badge;
			sourceTree = "<group>";
		};
/* End PBXGroup section */

/* Begin PBXNativeTarget section */
		0E7456ED29069B4D00D792E6 /* macro-team15 */ = {
			isa = PBXNativeTarget;
			buildConfigurationList = 0E7456FC29069B4E00D792E6 /* Build configuration list for PBXNativeTarget "macro-team15" */;
			buildPhases = (
				0E7456EA29069B4D00D792E6 /* Sources */,
				0E7456EB29069B4D00D792E6 /* Frameworks */,
				0E7456EC29069B4D00D792E6 /* Resources */,
			);
			buildRules = (
			);
			dependencies = (
			);
			name = "macro-team15";
			productName = "macro-team15";
			productReference = 0E7456EE29069B4D00D792E6 /* macro-team15.app */;
			productType = "com.apple.product-type.application";
		};
/* End PBXNativeTarget section */

/* Begin PBXProject section */
		0E7456E629069B4C00D792E6 /* Project object */ = {
			isa = PBXProject;
			attributes = {
				BuildIndependentTargetsInParallel = 1;
				LastSwiftUpdateCheck = 1400;
				LastUpgradeCheck = 1400;
				TargetAttributes = {
					0E7456ED29069B4D00D792E6 = {
						CreatedOnToolsVersion = 14.0.1;
					};
				};
			};
			buildConfigurationList = 0E7456E929069B4C00D792E6 /* Build configuration list for PBXProject "macro-team15" */;
			compatibilityVersion = "Xcode 14.0";
			developmentRegion = en;
			hasScannedForEncodings = 0;
			knownRegions = (
				en,
				Base,
			);
			mainGroup = 0E7456E529069B4C00D792E6;
			productRefGroup = 0E7456EF29069B4D00D792E6 /* Products */;
			projectDirPath = "";
			projectRoot = "";
			targets = (
				0E7456ED29069B4D00D792E6 /* macro-team15 */,
			);
		};
/* End PBXProject section */

/* Begin PBXResourcesBuildPhase section */
		0E7456EC29069B4D00D792E6 /* Resources */ = {
			isa = PBXResourcesBuildPhase;
			buildActionMask = 2147483647;
			files = (
				0E7456F929069B4E00D792E6 /* Preview Assets.xcassets in Resources */,
				0E7456F629069B4E00D792E6 /* Assets.xcassets in Resources */,
			);
			runOnlyForDeploymentPostprocessing = 0;
		};
/* End PBXResourcesBuildPhase section */

/* Begin PBXSourcesBuildPhase section */
		0E7456EA29069B4D00D792E6 /* Sources */ = {
			isa = PBXSourcesBuildPhase;
			buildActionMask = 2147483647;
			files = (
				FA7B02BB2917F60100552541 /* MilestoneProgressCompactView.swift in Sources */,
				0E6F61F9290FD283005C5415 /* ViewModel.swift in Sources */,
				FA4513C9292BDD17002ADD1A /* BackgroundView.swift in Sources */,
				FAB8F3E5291A0227008F7C59 /* Shapes.swift in Sources */,
				FAB8F3E7291A0570008F7C59 /* Date.swift in Sources */,
				FA4513CD292BE44D002ADD1A /* HighlightedStimulusView.swift in Sources */,
				0E7764FC291A4ABD005792FF /* BadgesScreen.swift in Sources */,
				0E6F61F7290FC790005C5415 /* ReportScreen.swift in Sources */,
				0E6F61F4290FC75B005C5415 /* MilestoneScreen.swift in Sources */,
				FAB270C2291BBC8B00C3E99A /* BadgeDetailView.swift in Sources */,
				0E7764FE291BBC86005792FF /* BadgesContainer.swift in Sources */,
				0EDCE4332906A1A50092F759 /* Persistence.swift in Sources */,
				FA13CD6C2914FCDA00616699 /* Color.swift in Sources */,
				0E7456F429069B4D00D792E6 /* ContentView.swift in Sources */,
				0E576EEC290A7AF900341C88 /* CloudKitService.swift in Sources */,
				FA706AD32913C49400AD30A4 /* CardView.swift in Sources */,
				0E7456F229069B4D00D792E6 /* macro_team15App.swift in Sources */,
				0E6F61F1290FC40B005C5415 /* Enum.swift in Sources */,
				FA34BD4D291A3FE8009DF42B /* MilestoneDetailView.swift in Sources */,
				FA34BD4F291A5DAC009DF42B /* View.swift in Sources */,
				FA7B02B92917DABA00552541 /* MilestoneProgressFullView.swift in Sources */,
				FA4513CB292BE047002ADD1A /* DashboardHeaderView.swift in Sources */,
				0E6F61EF290FC348005C5415 /* DashboardScreen.swift in Sources */,
				0E576EF0290A925B00341C88 /* macro-database.xcdatamodeld in Sources */,
			);
			runOnlyForDeploymentPostprocessing = 0;
		};
/* End PBXSourcesBuildPhase section */

/* Begin XCBuildConfiguration section */
		0E7456FA29069B4E00D792E6 /* Debug */ = {
			isa = XCBuildConfiguration;
			buildSettings = {
				ALWAYS_SEARCH_USER_PATHS = NO;
				CLANG_ANALYZER_NONNULL = YES;
				CLANG_ANALYZER_NUMBER_OBJECT_CONVERSION = YES_AGGRESSIVE;
				CLANG_CXX_LANGUAGE_STANDARD = "gnu++20";
				CLANG_ENABLE_MODULES = YES;
				CLANG_ENABLE_OBJC_ARC = YES;
				CLANG_ENABLE_OBJC_WEAK = YES;
				CLANG_WARN_BLOCK_CAPTURE_AUTORELEASING = YES;
				CLANG_WARN_BOOL_CONVERSION = YES;
				CLANG_WARN_COMMA = YES;
				CLANG_WARN_CONSTANT_CONVERSION = YES;
				CLANG_WARN_DEPRECATED_OBJC_IMPLEMENTATIONS = YES;
				CLANG_WARN_DIRECT_OBJC_ISA_USAGE = YES_ERROR;
				CLANG_WARN_DOCUMENTATION_COMMENTS = YES;
				CLANG_WARN_EMPTY_BODY = YES;
				CLANG_WARN_ENUM_CONVERSION = YES;
				CLANG_WARN_INFINITE_RECURSION = YES;
				CLANG_WARN_INT_CONVERSION = YES;
				CLANG_WARN_NON_LITERAL_NULL_CONVERSION = YES;
				CLANG_WARN_OBJC_IMPLICIT_RETAIN_SELF = YES;
				CLANG_WARN_OBJC_LITERAL_CONVERSION = YES;
				CLANG_WARN_OBJC_ROOT_CLASS = YES_ERROR;
				CLANG_WARN_QUOTED_INCLUDE_IN_FRAMEWORK_HEADER = YES;
				CLANG_WARN_RANGE_LOOP_ANALYSIS = YES;
				CLANG_WARN_STRICT_PROTOTYPES = YES;
				CLANG_WARN_SUSPICIOUS_MOVE = YES;
				CLANG_WARN_UNGUARDED_AVAILABILITY = YES_AGGRESSIVE;
				CLANG_WARN_UNREACHABLE_CODE = YES;
				CLANG_WARN__DUPLICATE_METHOD_MATCH = YES;
				COPY_PHASE_STRIP = NO;
				DEBUG_INFORMATION_FORMAT = dwarf;
				ENABLE_STRICT_OBJC_MSGSEND = YES;
				ENABLE_TESTABILITY = YES;
				GCC_C_LANGUAGE_STANDARD = gnu11;
				GCC_DYNAMIC_NO_PIC = NO;
				GCC_NO_COMMON_BLOCKS = YES;
				GCC_OPTIMIZATION_LEVEL = 0;
				GCC_PREPROCESSOR_DEFINITIONS = (
					"DEBUG=1",
					"$(inherited)",
				);
				GCC_WARN_64_TO_32_BIT_CONVERSION = YES;
				GCC_WARN_ABOUT_RETURN_TYPE = YES_ERROR;
				GCC_WARN_UNDECLARED_SELECTOR = YES;
				GCC_WARN_UNINITIALIZED_AUTOS = YES_AGGRESSIVE;
				GCC_WARN_UNUSED_FUNCTION = YES;
				GCC_WARN_UNUSED_VARIABLE = YES;
				IPHONEOS_DEPLOYMENT_TARGET = 13.0;
				MTL_ENABLE_DEBUG_INFO = INCLUDE_SOURCE;
				MTL_FAST_MATH = YES;
				ONLY_ACTIVE_ARCH = YES;
				SDKROOT = iphoneos;
				SWIFT_ACTIVE_COMPILATION_CONDITIONS = DEBUG;
				SWIFT_OPTIMIZATION_LEVEL = "-Onone";
			};
			name = Debug;
		};
		0E7456FB29069B4E00D792E6 /* Release */ = {
			isa = XCBuildConfiguration;
			buildSettings = {
				ALWAYS_SEARCH_USER_PATHS = NO;
				CLANG_ANALYZER_NONNULL = YES;
				CLANG_ANALYZER_NUMBER_OBJECT_CONVERSION = YES_AGGRESSIVE;
				CLANG_CXX_LANGUAGE_STANDARD = "gnu++20";
				CLANG_ENABLE_MODULES = YES;
				CLANG_ENABLE_OBJC_ARC = YES;
				CLANG_ENABLE_OBJC_WEAK = YES;
				CLANG_WARN_BLOCK_CAPTURE_AUTORELEASING = YES;
				CLANG_WARN_BOOL_CONVERSION = YES;
				CLANG_WARN_COMMA = YES;
				CLANG_WARN_CONSTANT_CONVERSION = YES;
				CLANG_WARN_DEPRECATED_OBJC_IMPLEMENTATIONS = YES;
				CLANG_WARN_DIRECT_OBJC_ISA_USAGE = YES_ERROR;
				CLANG_WARN_DOCUMENTATION_COMMENTS = YES;
				CLANG_WARN_EMPTY_BODY = YES;
				CLANG_WARN_ENUM_CONVERSION = YES;
				CLANG_WARN_INFINITE_RECURSION = YES;
				CLANG_WARN_INT_CONVERSION = YES;
				CLANG_WARN_NON_LITERAL_NULL_CONVERSION = YES;
				CLANG_WARN_OBJC_IMPLICIT_RETAIN_SELF = YES;
				CLANG_WARN_OBJC_LITERAL_CONVERSION = YES;
				CLANG_WARN_OBJC_ROOT_CLASS = YES_ERROR;
				CLANG_WARN_QUOTED_INCLUDE_IN_FRAMEWORK_HEADER = YES;
				CLANG_WARN_RANGE_LOOP_ANALYSIS = YES;
				CLANG_WARN_STRICT_PROTOTYPES = YES;
				CLANG_WARN_SUSPICIOUS_MOVE = YES;
				CLANG_WARN_UNGUARDED_AVAILABILITY = YES_AGGRESSIVE;
				CLANG_WARN_UNREACHABLE_CODE = YES;
				CLANG_WARN__DUPLICATE_METHOD_MATCH = YES;
				COPY_PHASE_STRIP = NO;
				DEBUG_INFORMATION_FORMAT = "dwarf-with-dsym";
				ENABLE_NS_ASSERTIONS = NO;
				ENABLE_STRICT_OBJC_MSGSEND = YES;
				GCC_C_LANGUAGE_STANDARD = gnu11;
				GCC_NO_COMMON_BLOCKS = YES;
				GCC_WARN_64_TO_32_BIT_CONVERSION = YES;
				GCC_WARN_ABOUT_RETURN_TYPE = YES_ERROR;
				GCC_WARN_UNDECLARED_SELECTOR = YES;
				GCC_WARN_UNINITIALIZED_AUTOS = YES_AGGRESSIVE;
				GCC_WARN_UNUSED_FUNCTION = YES;
				GCC_WARN_UNUSED_VARIABLE = YES;
				IPHONEOS_DEPLOYMENT_TARGET = 13.0;
				MTL_ENABLE_DEBUG_INFO = NO;
				MTL_FAST_MATH = YES;
				SDKROOT = iphoneos;
				SWIFT_COMPILATION_MODE = wholemodule;
				SWIFT_OPTIMIZATION_LEVEL = "-O";
				VALIDATE_PRODUCT = YES;
			};
			name = Release;
		};
		0E7456FD29069B4E00D792E6 /* Debug */ = {
			isa = XCBuildConfiguration;
			buildSettings = {
				ASSETCATALOG_COMPILER_APPICON_NAME = AppIcon;
				ASSETCATALOG_COMPILER_GLOBAL_ACCENT_COLOR_NAME = AccentColor;
				CODE_SIGN_ENTITLEMENTS = "macro-team15/macro-team15.entitlements";
				CODE_SIGN_STYLE = Automatic;
				CURRENT_PROJECT_VERSION = 1;
				DEVELOPMENT_ASSET_PATHS = "\"macro-team15/Preview Content\"";
				DEVELOPMENT_TEAM = 474XANH3RF;
				ENABLE_PREVIEWS = YES;
				GENERATE_INFOPLIST_FILE = YES;
				INFOPLIST_KEY_UIApplicationSceneManifest_Generation = YES;
				INFOPLIST_KEY_UIApplicationSupportsIndirectInputEvents = YES;
				INFOPLIST_KEY_UILaunchScreen_Generation = YES;
				INFOPLIST_KEY_UISupportedInterfaceOrientations_iPad = "UIInterfaceOrientationPortrait UIInterfaceOrientationPortraitUpsideDown UIInterfaceOrientationLandscapeLeft UIInterfaceOrientationLandscapeRight";
				INFOPLIST_KEY_UISupportedInterfaceOrientations_iPhone = "UIInterfaceOrientationPortrait UIInterfaceOrientationLandscapeLeft UIInterfaceOrientationLandscapeRight";
				IPHONEOS_DEPLOYMENT_TARGET = 14.0;
				LD_RUNPATH_SEARCH_PATHS = (
					"$(inherited)",
					"@executable_path/Frameworks",
				);
				MARKETING_VERSION = 1.0;
				PRODUCT_BUNDLE_IDENTIFIER = "ditcu.macro-team15";
				PRODUCT_NAME = "$(TARGET_NAME)";
				SWIFT_EMIT_LOC_STRINGS = YES;
				SWIFT_VERSION = 5.0;
				TARGETED_DEVICE_FAMILY = "1,2";
			};
			name = Debug;
		};
		0E7456FE29069B4E00D792E6 /* Release */ = {
			isa = XCBuildConfiguration;
			buildSettings = {
				ASSETCATALOG_COMPILER_APPICON_NAME = AppIcon;
				ASSETCATALOG_COMPILER_GLOBAL_ACCENT_COLOR_NAME = AccentColor;
				CODE_SIGN_ENTITLEMENTS = "macro-team15/macro-team15.entitlements";
				CODE_SIGN_STYLE = Automatic;
				CURRENT_PROJECT_VERSION = 1;
				DEVELOPMENT_ASSET_PATHS = "\"macro-team15/Preview Content\"";
				DEVELOPMENT_TEAM = 474XANH3RF;
				ENABLE_PREVIEWS = YES;
				GENERATE_INFOPLIST_FILE = YES;
				INFOPLIST_KEY_UIApplicationSceneManifest_Generation = YES;
				INFOPLIST_KEY_UIApplicationSupportsIndirectInputEvents = YES;
				INFOPLIST_KEY_UILaunchScreen_Generation = YES;
				INFOPLIST_KEY_UISupportedInterfaceOrientations_iPad = "UIInterfaceOrientationPortrait UIInterfaceOrientationPortraitUpsideDown UIInterfaceOrientationLandscapeLeft UIInterfaceOrientationLandscapeRight";
				INFOPLIST_KEY_UISupportedInterfaceOrientations_iPhone = "UIInterfaceOrientationPortrait UIInterfaceOrientationLandscapeLeft UIInterfaceOrientationLandscapeRight";
				IPHONEOS_DEPLOYMENT_TARGET = 14.0;
				LD_RUNPATH_SEARCH_PATHS = (
					"$(inherited)",
					"@executable_path/Frameworks",
				);
				MARKETING_VERSION = 1.0;
				PRODUCT_BUNDLE_IDENTIFIER = "ditcu.macro-team15";
				PRODUCT_NAME = "$(TARGET_NAME)";
				SWIFT_EMIT_LOC_STRINGS = YES;
				SWIFT_VERSION = 5.0;
				TARGETED_DEVICE_FAMILY = "1,2";
			};
			name = Release;
		};
/* End XCBuildConfiguration section */

/* Begin XCConfigurationList section */
		0E7456E929069B4C00D792E6 /* Build configuration list for PBXProject "macro-team15" */ = {
			isa = XCConfigurationList;
			buildConfigurations = (
				0E7456FA29069B4E00D792E6 /* Debug */,
				0E7456FB29069B4E00D792E6 /* Release */,
			);
			defaultConfigurationIsVisible = 0;
			defaultConfigurationName = Release;
		};
		0E7456FC29069B4E00D792E6 /* Build configuration list for PBXNativeTarget "macro-team15" */ = {
			isa = XCConfigurationList;
			buildConfigurations = (
				0E7456FD29069B4E00D792E6 /* Debug */,
				0E7456FE29069B4E00D792E6 /* Release */,
			);
			defaultConfigurationIsVisible = 0;
			defaultConfigurationName = Release;
		};
/* End XCConfigurationList section */

/* Begin XCVersionGroup section */
		0E576EEE290A925B00341C88 /* macro-database.xcdatamodeld */ = {
			isa = XCVersionGroup;
			children = (
				0E576EEF290A925B00341C88 /* macro-database.xcdatamodel */,
			);
			currentVersion = 0E576EEF290A925B00341C88 /* macro-database.xcdatamodel */;
			path = "macro-database.xcdatamodeld";
			sourceTree = "<group>";
			versionGroupType = wrapper.xcdatamodel;
		};
/* End XCVersionGroup section */
	};
	rootObject = 0E7456E629069B4C00D792E6 /* Project object */;
}
