// !$*UTF8*$!
{
	archiveVersion = 1;
	classes = {
	};
	objectVersion = 56;
	objects = {

/* Begin PBXBuildFile section */
		0E0C8BD82937954D009ABC42 /* BabyPhoto+CoreDataClass.swift in Sources */ = {isa = PBXBuildFile; fileRef = 0E0C8BD62937954D009ABC42 /* BabyPhoto+CoreDataClass.swift */; };
		0E0C8BD92937954D009ABC42 /* BabyPhoto+CoreDataProperties.swift in Sources */ = {isa = PBXBuildFile; fileRef = 0E0C8BD72937954D009ABC42 /* BabyPhoto+CoreDataProperties.swift */; };
		0E0C8BDC29388C0F009ABC42 /* ProfileSwitcherSheetViewModel.swift in Sources */ = {isa = PBXBuildFile; fileRef = 0E0C8BDB29388C0F009ABC42 /* ProfileSwitcherSheetViewModel.swift */; };
		0E0C8BE12938EA16009ABC42 /* MaterialData.swift in Sources */ = {isa = PBXBuildFile; fileRef = 0E0C8BE02938EA16009ABC42 /* MaterialData.swift */; };
		0E0C8BE32938EA35009ABC42 /* StimulusData.swift in Sources */ = {isa = PBXBuildFile; fileRef = 0E0C8BE22938EA35009ABC42 /* StimulusData.swift */; };
		0E0C8BE629390642009ABC42 /* MilestonePeriodSheetViewModel.swift in Sources */ = {isa = PBXBuildFile; fileRef = 0E0C8BE529390642009ABC42 /* MilestonePeriodSheetViewModel.swift */; };
		0E1C86E22939B80700195E04 /* Alexandria-Light.ttf in Resources */ = {isa = PBXBuildFile; fileRef = 0E4151972939B64D00A2A448 /* Alexandria-Light.ttf */; };
		0E1C86E32939B80A00195E04 /* Alexandria-SemiBold.ttf in Resources */ = {isa = PBXBuildFile; fileRef = 0E4151982939B65A00A2A448 /* Alexandria-SemiBold.ttf */; };
		0E1C86E52939B82A00195E04 /* Alexandria-Regular.ttf in Resources */ = {isa = PBXBuildFile; fileRef = 0E1C86E42939B82800195E04 /* Alexandria-Regular.ttf */; };
		0E1C86E72939DB4000195E04 /* FontType.swift in Sources */ = {isa = PBXBuildFile; fileRef = 0E1C86E62939DB4000195E04 /* FontType.swift */; };
		0E1C86E9293A0F9E00195E04 /* StringManipulation.swift in Sources */ = {isa = PBXBuildFile; fileRef = 0E1C86E8293A0F9E00195E04 /* StringManipulation.swift */; };
		0E1C86EB293A14F000195E04 /* MilestoneCategoryCardDashboardView.swift in Sources */ = {isa = PBXBuildFile; fileRef = 0E1C86EA293A14F000195E04 /* MilestoneCategoryCardDashboardView.swift */; };
		0E1C86ED293A439200195E04 /* StimulusDetailViewModel.swift in Sources */ = {isa = PBXBuildFile; fileRef = 0E1C86EC293A439200195E04 /* StimulusDetailViewModel.swift */; };
		0E1C86F2293A6D1600195E04 /* StimuliView.swift in Sources */ = {isa = PBXBuildFile; fileRef = 0E1C86F0293A6D1600195E04 /* StimuliView.swift */; };
		0E1C86F3293A6D1600195E04 /* ActivityCardLongView.swift in Sources */ = {isa = PBXBuildFile; fileRef = 0E1C86F1293A6D1600195E04 /* ActivityCardLongView.swift */; };
		0E211F23294095F000F78B68 /* CategoryCustomization.swift in Sources */ = {isa = PBXBuildFile; fileRef = 0E211F22294095F000F78B68 /* CategoryCustomization.swift */; };
		0E2F9A912937396900DDAA28 /* MilestoneCategoryCardViewModel.swift in Sources */ = {isa = PBXBuildFile; fileRef = 0E2F9A902937396900DDAA28 /* MilestoneCategoryCardViewModel.swift */; };
		0E2F9A932937487D00DDAA28 /* AppData.swift in Sources */ = {isa = PBXBuildFile; fileRef = 0E2F9A922937487D00DDAA28 /* AppData.swift */; };
		0E2F9A962937657F00DDAA28 /* BabyMilestone+CoreDataClass.swift in Sources */ = {isa = PBXBuildFile; fileRef = 0E2F9A942937657F00DDAA28 /* BabyMilestone+CoreDataClass.swift */; };
		0E2F9A972937657F00DDAA28 /* BabyMilestone+CoreDataProperties.swift in Sources */ = {isa = PBXBuildFile; fileRef = 0E2F9A952937657F00DDAA28 /* BabyMilestone+CoreDataProperties.swift */; };
		0E3B1113293C669900404E88 /* EmptyView.swift in Sources */ = {isa = PBXBuildFile; fileRef = 0E3B1112293C669900404E88 /* EmptyView.swift */; };
		0E3B1115293C996100404E88 /* ReportViewModel.swift in Sources */ = {isa = PBXBuildFile; fileRef = 0E3B1114293C996100404E88 /* ReportViewModel.swift */; };
		0E5F90C1293E257800502640 /* NotificationManager.swift in Sources */ = {isa = PBXBuildFile; fileRef = 0E5F90C0293E257800502640 /* NotificationManager.swift */; };
		0E5F90C3293E260F00502640 /* AppDelegate.swift in Sources */ = {isa = PBXBuildFile; fileRef = 0E5F90C2293E260F00502640 /* AppDelegate.swift */; };
		0E5F90C5293E354C00502640 /* NotifTester.swift in Sources */ = {isa = PBXBuildFile; fileRef = 0E5F90C4293E354C00502640 /* NotifTester.swift */; };
		0E5F90C7293EE70400502640 /* InstagramManager.swift in Sources */ = {isa = PBXBuildFile; fileRef = 0E5F90C6293EE70400502640 /* InstagramManager.swift */; };
		0E6F61EF290FC348005C5415 /* ProgressView.swift in Sources */ = {isa = PBXBuildFile; fileRef = 0E6F61EE290FC348005C5415 /* ProgressView.swift */; };
		0E6F61F1290FC40B005C5415 /* Enum.swift in Sources */ = {isa = PBXBuildFile; fileRef = 0E6F61F0290FC40B005C5415 /* Enum.swift */; };
		0E6F61F9290FD283005C5415 /* OnboardingViewModel.swift in Sources */ = {isa = PBXBuildFile; fileRef = 0E6F61F8290FD283005C5415 /* OnboardingViewModel.swift */; };
		0E7456F229069B4D00D792E6 /* macro_team15App.swift in Sources */ = {isa = PBXBuildFile; fileRef = 0E7456F129069B4D00D792E6 /* macro_team15App.swift */; };
		0E7456F429069B4D00D792E6 /* ContentView.swift in Sources */ = {isa = PBXBuildFile; fileRef = 0E7456F329069B4D00D792E6 /* ContentView.swift */; };
		0E7456F629069B4E00D792E6 /* Assets.xcassets in Resources */ = {isa = PBXBuildFile; fileRef = 0E7456F529069B4E00D792E6 /* Assets.xcassets */; };
		0E7456F929069B4E00D792E6 /* Preview Assets.xcassets in Resources */ = {isa = PBXBuildFile; fileRef = 0E7456F829069B4E00D792E6 /* Preview Assets.xcassets */; };
		0E8FE4CF2933C41600DBF715 /* ContentViewModel.swift in Sources */ = {isa = PBXBuildFile; fileRef = 0E8FE4CE2933C41600DBF715 /* ContentViewModel.swift */; };
		0E8FE4E22933ED1500DBF715 /* ReportView.swift in Sources */ = {isa = PBXBuildFile; fileRef = 0E8FE4E12933ED1500DBF715 /* ReportView.swift */; };
		0E8FE4E529349C3F00DBF715 /* TuntunIllustration.swift in Sources */ = {isa = PBXBuildFile; fileRef = 0E8FE4E429349C3F00DBF715 /* TuntunIllustration.swift */; };
		0E8FE4E729349C7D00DBF715 /* GreetingOnboarding.swift in Sources */ = {isa = PBXBuildFile; fileRef = 0E8FE4E629349C7D00DBF715 /* GreetingOnboarding.swift */; };
		0E8FE4EA29349CC000DBF715 /* DateOnboarding.swift in Sources */ = {isa = PBXBuildFile; fileRef = 0E8FE4E929349CC000DBF715 /* DateOnboarding.swift */; };
		0E8FE4EC29349CDA00DBF715 /* NameOnboarding.swift in Sources */ = {isa = PBXBuildFile; fileRef = 0E8FE4EB29349CDA00DBF715 /* NameOnboarding.swift */; };
		0E8FE4EE29349D0800DBF715 /* ProfilePictureOnboarding.swift in Sources */ = {isa = PBXBuildFile; fileRef = 0E8FE4ED29349D0800DBF715 /* ProfilePictureOnboarding.swift */; };
		0E8FE4F229349DFF00DBF715 /* OnboardingText.swift in Sources */ = {isa = PBXBuildFile; fileRef = 0E8FE4F129349DFF00DBF715 /* OnboardingText.swift */; };
		0E8FE4F62934F19F00DBF715 /* ProgressViewModel.swift in Sources */ = {isa = PBXBuildFile; fileRef = 0E8FE4F52934F19F00DBF715 /* ProgressViewModel.swift */; };
		0E8FE4F82935AB3E00DBF715 /* TuntunLoading.swift in Sources */ = {isa = PBXBuildFile; fileRef = 0E8FE4F72935AB3E00DBF715 /* TuntunLoading.swift */; };
		0E8FE4FA2935ADA300DBF715 /* LaunchScreen.storyboard in Resources */ = {isa = PBXBuildFile; fileRef = 0E8FE4F92935ADA300DBF715 /* LaunchScreen.storyboard */; };
		0E8FE4FD29364D9700DBF715 /* MilestoneData.swift in Sources */ = {isa = PBXBuildFile; fileRef = 0E8FE4FC29364D9700DBF715 /* MilestoneData.swift */; };
		0E8FE50C29366D9200DBF715 /* Baby+CoreDataClass.swift in Sources */ = {isa = PBXBuildFile; fileRef = 0E8FE50429366D9200DBF715 /* Baby+CoreDataClass.swift */; };
		0E8FE50D29366D9200DBF715 /* Baby+CoreDataProperties.swift in Sources */ = {isa = PBXBuildFile; fileRef = 0E8FE50529366D9200DBF715 /* Baby+CoreDataProperties.swift */; };
		0E8FE50E29366D9200DBF715 /* BabyMilestoneNote+CoreDataClass.swift in Sources */ = {isa = PBXBuildFile; fileRef = 0E8FE50629366D9200DBF715 /* BabyMilestoneNote+CoreDataClass.swift */; };
		0E8FE50F29366D9200DBF715 /* BabyMilestoneNote+CoreDataProperties.swift in Sources */ = {isa = PBXBuildFile; fileRef = 0E8FE50729366D9200DBF715 /* BabyMilestoneNote+CoreDataProperties.swift */; };
		0E92692B29309AFD0050C375 /* userData.xcdatamodeld in Sources */ = {isa = PBXBuildFile; fileRef = 0E92692929309AFD0050C375 /* userData.xcdatamodeld */; };
		0EA7D733292CBF720024DECC /* RadarChart.swift in Sources */ = {isa = PBXBuildFile; fileRef = 0EA7D732292CBF720024DECC /* RadarChart.swift */; };
		0EA7D738292E24010024DECC /* OnboardingView.swift in Sources */ = {isa = PBXBuildFile; fileRef = 0EA7D737292E24010024DECC /* OnboardingView.swift */; };
		0EDCE4332906A1A50092F759 /* Persistence.swift in Sources */ = {isa = PBXBuildFile; fileRef = 0EDCE4302906A1A50092F759 /* Persistence.swift */; };
		FA13CD6C2914FCDA00616699 /* Color.swift in Sources */ = {isa = PBXBuildFile; fileRef = FA13CD6B2914FCDA00616699 /* Color.swift */; };
		FA241A9D2930FBD600CAA09B /* KeyboardResponder.swift in Sources */ = {isa = PBXBuildFile; fileRef = FA241A9C2930FBD600CAA09B /* KeyboardResponder.swift */; };
		FA3266D2293C52C600BCEF10 /* ProgressBar.swift in Sources */ = {isa = PBXBuildFile; fileRef = FA3266D1293C52C600BCEF10 /* ProgressBar.swift */; };
		FA3266D4293C8B4100BCEF10 /* UIImage.swift in Sources */ = {isa = PBXBuildFile; fileRef = FA3266D3293C8B4100BCEF10 /* UIImage.swift */; };
		FA3266DA293CD4FA00BCEF10 /* NotesView.swift in Sources */ = {isa = PBXBuildFile; fileRef = FA3266D9293CD4FA00BCEF10 /* NotesView.swift */; };
		FA34BD4D291A3FE8009DF42B /* MilestoneDetailView.swift in Sources */ = {isa = PBXBuildFile; fileRef = FA34BD4C291A3FE8009DF42B /* MilestoneDetailView.swift */; };
		FA34BD4F291A5DAC009DF42B /* View.swift in Sources */ = {isa = PBXBuildFile; fileRef = FA34BD4E291A5DAC009DF42B /* View.swift */; };
		FA4513C9292BDD17002ADD1A /* BackgroundView.swift in Sources */ = {isa = PBXBuildFile; fileRef = FA4513C8292BDD17002ADD1A /* BackgroundView.swift */; };
		FA4513CD292BE44D002ADD1A /* HighlightedStimulusView.swift in Sources */ = {isa = PBXBuildFile; fileRef = FA4513CC292BE44D002ADD1A /* HighlightedStimulusView.swift */; };
		FA48EFBA292CC746009ED62B /* ContentHeaderView.swift in Sources */ = {isa = PBXBuildFile; fileRef = FA48EFB9292CC746009ED62B /* ContentHeaderView.swift */; };
		FA48EFBC292CD5D0009ED62B /* ActivityCardView.swift in Sources */ = {isa = PBXBuildFile; fileRef = FA48EFBB292CD5D0009ED62B /* ActivityCardView.swift */; };
		FA77F7FA2938A8330054C87D /* ImageCamera.swift in Sources */ = {isa = PBXBuildFile; fileRef = FA77F7F92938A8330054C87D /* ImageCamera.swift */; };
		FA7B72B2293DC8CE00500404 /* Photo.swift in Sources */ = {isa = PBXBuildFile; fileRef = FA7B72B1293DC8CE00500404 /* Photo.swift */; };
		FA7B7F0029339488005E8425 /* ProgressShareView.swift in Sources */ = {isa = PBXBuildFile; fileRef = FA7B7EFF29339488005E8425 /* ProgressShareView.swift */; };
		FA888ED92939F93F0035C733 /* NoReportMilestoneView.swift in Sources */ = {isa = PBXBuildFile; fileRef = FA888ED82939F93F0035C733 /* NoReportMilestoneView.swift */; };
		FA888EDB2939F9730035C733 /* ReportMilestoneView.swift in Sources */ = {isa = PBXBuildFile; fileRef = FA888EDA2939F9730035C733 /* ReportMilestoneView.swift */; };
		FA888EDE2939FAEF0035C733 /* MilestoneCategoryCardViewReport.swift in Sources */ = {isa = PBXBuildFile; fileRef = FA888EDD2939FAEF0035C733 /* MilestoneCategoryCardViewReport.swift */; };
		FA93412F2935EFFD004975FE /* MilestonePeriodSheet.swift in Sources */ = {isa = PBXBuildFile; fileRef = FA93412E2935EFFD004975FE /* MilestonePeriodSheet.swift */; };
		FA9341312936057F004975FE /* ProfileSwitcherSheet.swift in Sources */ = {isa = PBXBuildFile; fileRef = FA9341302936057F004975FE /* ProfileSwitcherSheet.swift */; };
		FA9706CC293A450A00D39BB6 /* ProfileEditView.swift in Sources */ = {isa = PBXBuildFile; fileRef = FA9706CB293A450A00D39BB6 /* ProfileEditView.swift */; };
		FA996A17292E23D400DF570E /* Image.swift in Sources */ = {isa = PBXBuildFile; fileRef = FA996A16292E23D400DF570E /* Image.swift */; };
		FA996A19292E25F700DF570E /* MissionView.swift in Sources */ = {isa = PBXBuildFile; fileRef = FA996A18292E25F700DF570E /* MissionView.swift */; };
		FAB8F3E7291A0570008F7C59 /* Date.swift in Sources */ = {isa = PBXBuildFile; fileRef = FAB8F3E6291A0570008F7C59 /* Date.swift */; };
		FACDC5DB292F5DE4007B51A4 /* NoteView.swift in Sources */ = {isa = PBXBuildFile; fileRef = FACDC5DA292F5DE4007B51A4 /* NoteView.swift */; };
		FACDC5DD292F5ED3007B51A4 /* ButtonStyle.swift in Sources */ = {isa = PBXBuildFile; fileRef = FACDC5DC292F5ED3007B51A4 /* ButtonStyle.swift */; };
		FAE1733A293202110076ABFA /* StimulusDetailView.swift in Sources */ = {isa = PBXBuildFile; fileRef = FAE17339293202110076ABFA /* StimulusDetailView.swift */; };
		FAE1733C29320A7E0076ABFA /* StimulusMaterialView.swift in Sources */ = {isa = PBXBuildFile; fileRef = FAE1733B29320A7E0076ABFA /* StimulusMaterialView.swift */; };
		FAE1733E2932140F0076ABFA /* StimulusStepView.swift in Sources */ = {isa = PBXBuildFile; fileRef = FAE1733D2932140F0076ABFA /* StimulusStepView.swift */; };
		FAF49537292FA3AE00D396E1 /* NoteDetailView.swift in Sources */ = {isa = PBXBuildFile; fileRef = FAF49536292FA3AE00D396E1 /* NoteDetailView.swift */; };
		FAF8545C29349463009C8CA5 /* AlbumView.swift in Sources */ = {isa = PBXBuildFile; fileRef = FAF8545B29349463009C8CA5 /* AlbumView.swift */; };
		FAF8546029349AC4009C8CA5 /* ProfileAvatarView.swift in Sources */ = {isa = PBXBuildFile; fileRef = FAF8545F29349AC4009C8CA5 /* ProfileAvatarView.swift */; };
		FAF854622934B612009C8CA5 /* MilestonePhotoCardView.swift in Sources */ = {isa = PBXBuildFile; fileRef = FAF854612934B612009C8CA5 /* MilestonePhotoCardView.swift */; };
		FAF854642934B62C009C8CA5 /* PhotoCardView.swift in Sources */ = {isa = PBXBuildFile; fileRef = FAF854632934B62C009C8CA5 /* PhotoCardView.swift */; };
		FAF854662934B654009C8CA5 /* CustomSegmentedControlView.swift in Sources */ = {isa = PBXBuildFile; fileRef = FAF854652934B654009C8CA5 /* CustomSegmentedControlView.swift */; };
		FAF854682934B6CD009C8CA5 /* StimulusPhotoCardView.swift in Sources */ = {isa = PBXBuildFile; fileRef = FAF854672934B6CD009C8CA5 /* StimulusPhotoCardView.swift */; };
/* End PBXBuildFile section */

/* Begin PBXFileReference section */
		0E0C8BD62937954D009ABC42 /* BabyPhoto+CoreDataClass.swift */ = {isa = PBXFileReference; lastKnownFileType = sourcecode.swift; path = "BabyPhoto+CoreDataClass.swift"; sourceTree = "<group>"; };
		0E0C8BD72937954D009ABC42 /* BabyPhoto+CoreDataProperties.swift */ = {isa = PBXFileReference; lastKnownFileType = sourcecode.swift; path = "BabyPhoto+CoreDataProperties.swift"; sourceTree = "<group>"; };
		0E0C8BDB29388C0F009ABC42 /* ProfileSwitcherSheetViewModel.swift */ = {isa = PBXFileReference; lastKnownFileType = sourcecode.swift; path = ProfileSwitcherSheetViewModel.swift; sourceTree = "<group>"; };
		0E0C8BE02938EA16009ABC42 /* MaterialData.swift */ = {isa = PBXFileReference; lastKnownFileType = sourcecode.swift; path = MaterialData.swift; sourceTree = "<group>"; };
		0E0C8BE22938EA35009ABC42 /* StimulusData.swift */ = {isa = PBXFileReference; lastKnownFileType = sourcecode.swift; path = StimulusData.swift; sourceTree = "<group>"; };
		0E0C8BE529390642009ABC42 /* MilestonePeriodSheetViewModel.swift */ = {isa = PBXFileReference; lastKnownFileType = sourcecode.swift; path = MilestonePeriodSheetViewModel.swift; sourceTree = "<group>"; };
		0E1C86E42939B82800195E04 /* Alexandria-Regular.ttf */ = {isa = PBXFileReference; lastKnownFileType = file; path = "Alexandria-Regular.ttf"; sourceTree = "<group>"; };
		0E1C86E62939DB4000195E04 /* FontType.swift */ = {isa = PBXFileReference; lastKnownFileType = sourcecode.swift; path = FontType.swift; sourceTree = "<group>"; };
		0E1C86E8293A0F9E00195E04 /* StringManipulation.swift */ = {isa = PBXFileReference; lastKnownFileType = sourcecode.swift; path = StringManipulation.swift; sourceTree = "<group>"; };
		0E1C86EA293A14F000195E04 /* MilestoneCategoryCardDashboardView.swift */ = {isa = PBXFileReference; lastKnownFileType = sourcecode.swift; path = MilestoneCategoryCardDashboardView.swift; sourceTree = "<group>"; };
		0E1C86EC293A439200195E04 /* StimulusDetailViewModel.swift */ = {isa = PBXFileReference; lastKnownFileType = sourcecode.swift; path = StimulusDetailViewModel.swift; sourceTree = "<group>"; };
		0E1C86F0293A6D1600195E04 /* StimuliView.swift */ = {isa = PBXFileReference; fileEncoding = 4; lastKnownFileType = sourcecode.swift; path = StimuliView.swift; sourceTree = "<group>"; };
		0E1C86F1293A6D1600195E04 /* ActivityCardLongView.swift */ = {isa = PBXFileReference; fileEncoding = 4; lastKnownFileType = sourcecode.swift; path = ActivityCardLongView.swift; sourceTree = "<group>"; };
		0E211F22294095F000F78B68 /* CategoryCustomization.swift */ = {isa = PBXFileReference; lastKnownFileType = sourcecode.swift; path = CategoryCustomization.swift; sourceTree = "<group>"; };
		0E2F9A902937396900DDAA28 /* MilestoneCategoryCardViewModel.swift */ = {isa = PBXFileReference; lastKnownFileType = sourcecode.swift; path = MilestoneCategoryCardViewModel.swift; sourceTree = "<group>"; };
		0E2F9A922937487D00DDAA28 /* AppData.swift */ = {isa = PBXFileReference; lastKnownFileType = sourcecode.swift; path = AppData.swift; sourceTree = "<group>"; };
		0E2F9A942937657F00DDAA28 /* BabyMilestone+CoreDataClass.swift */ = {isa = PBXFileReference; lastKnownFileType = sourcecode.swift; path = "BabyMilestone+CoreDataClass.swift"; sourceTree = "<group>"; };
		0E2F9A952937657F00DDAA28 /* BabyMilestone+CoreDataProperties.swift */ = {isa = PBXFileReference; lastKnownFileType = sourcecode.swift; path = "BabyMilestone+CoreDataProperties.swift"; sourceTree = "<group>"; };
		0E3B1112293C669900404E88 /* EmptyView.swift */ = {isa = PBXFileReference; lastKnownFileType = sourcecode.swift; path = EmptyView.swift; sourceTree = "<group>"; };
		0E3B1114293C996100404E88 /* ReportViewModel.swift */ = {isa = PBXFileReference; lastKnownFileType = sourcecode.swift; path = ReportViewModel.swift; sourceTree = "<group>"; };
		0E4151972939B64D00A2A448 /* Alexandria-Light.ttf */ = {isa = PBXFileReference; lastKnownFileType = file; path = "Alexandria-Light.ttf"; sourceTree = "<group>"; };
		0E4151982939B65A00A2A448 /* Alexandria-SemiBold.ttf */ = {isa = PBXFileReference; lastKnownFileType = file; path = "Alexandria-SemiBold.ttf"; sourceTree = "<group>"; };
		0E46F142292FB14D00D54488 /* Info.plist */ = {isa = PBXFileReference; lastKnownFileType = text.plist.xml; path = Info.plist; sourceTree = "<group>"; };
		0E576EED290A7B2100341C88 /* macro-team15.entitlements */ = {isa = PBXFileReference; lastKnownFileType = text.plist.entitlements; path = "macro-team15.entitlements"; sourceTree = "<group>"; };
		0E5F90C0293E257800502640 /* NotificationManager.swift */ = {isa = PBXFileReference; lastKnownFileType = sourcecode.swift; path = NotificationManager.swift; sourceTree = "<group>"; };
		0E5F90C2293E260F00502640 /* AppDelegate.swift */ = {isa = PBXFileReference; lastKnownFileType = sourcecode.swift; path = AppDelegate.swift; sourceTree = "<group>"; };
		0E5F90C4293E354C00502640 /* NotifTester.swift */ = {isa = PBXFileReference; lastKnownFileType = sourcecode.swift; path = NotifTester.swift; sourceTree = "<group>"; };
		0E5F90C6293EE70400502640 /* InstagramManager.swift */ = {isa = PBXFileReference; lastKnownFileType = sourcecode.swift; path = InstagramManager.swift; sourceTree = "<group>"; };
		0E6F61EE290FC348005C5415 /* ProgressView.swift */ = {isa = PBXFileReference; lastKnownFileType = sourcecode.swift; path = ProgressView.swift; sourceTree = "<group>"; };
		0E6F61F0290FC40B005C5415 /* Enum.swift */ = {isa = PBXFileReference; fileEncoding = 4; lastKnownFileType = sourcecode.swift; path = Enum.swift; sourceTree = "<group>"; };
		0E6F61F8290FD283005C5415 /* OnboardingViewModel.swift */ = {isa = PBXFileReference; lastKnownFileType = sourcecode.swift; path = OnboardingViewModel.swift; sourceTree = "<group>"; };
		0E7456F129069B4D00D792E6 /* macro_team15App.swift */ = {isa = PBXFileReference; lastKnownFileType = sourcecode.swift; path = macro_team15App.swift; sourceTree = "<group>"; };
		0E7456F329069B4D00D792E6 /* ContentView.swift */ = {isa = PBXFileReference; lastKnownFileType = sourcecode.swift; path = ContentView.swift; sourceTree = "<group>"; };
		0E7456F529069B4E00D792E6 /* Assets.xcassets */ = {isa = PBXFileReference; lastKnownFileType = folder.assetcatalog; path = Assets.xcassets; sourceTree = "<group>"; };
		0E7456F829069B4E00D792E6 /* Preview Assets.xcassets */ = {isa = PBXFileReference; lastKnownFileType = folder.assetcatalog; path = "Preview Assets.xcassets"; sourceTree = "<group>"; };
		0E8FE4CE2933C41600DBF715 /* ContentViewModel.swift */ = {isa = PBXFileReference; lastKnownFileType = sourcecode.swift; path = ContentViewModel.swift; sourceTree = "<group>"; };
		0E8FE4DF2933E52300DBF715 /* macro-team15.app */ = {isa = PBXFileReference; explicitFileType = wrapper.application; includeInIndex = 0; path = "macro-team15.app"; sourceTree = BUILT_PRODUCTS_DIR; };
		0E8FE4E12933ED1500DBF715 /* ReportView.swift */ = {isa = PBXFileReference; lastKnownFileType = sourcecode.swift; path = ReportView.swift; sourceTree = "<group>"; };
		0E8FE4E429349C3F00DBF715 /* TuntunIllustration.swift */ = {isa = PBXFileReference; lastKnownFileType = sourcecode.swift; path = TuntunIllustration.swift; sourceTree = "<group>"; };
		0E8FE4E629349C7D00DBF715 /* GreetingOnboarding.swift */ = {isa = PBXFileReference; lastKnownFileType = sourcecode.swift; path = GreetingOnboarding.swift; sourceTree = "<group>"; };
		0E8FE4E929349CC000DBF715 /* DateOnboarding.swift */ = {isa = PBXFileReference; lastKnownFileType = sourcecode.swift; path = DateOnboarding.swift; sourceTree = "<group>"; };
		0E8FE4EB29349CDA00DBF715 /* NameOnboarding.swift */ = {isa = PBXFileReference; lastKnownFileType = sourcecode.swift; path = NameOnboarding.swift; sourceTree = "<group>"; };
		0E8FE4ED29349D0800DBF715 /* ProfilePictureOnboarding.swift */ = {isa = PBXFileReference; lastKnownFileType = sourcecode.swift; path = ProfilePictureOnboarding.swift; sourceTree = "<group>"; };
		0E8FE4F129349DFF00DBF715 /* OnboardingText.swift */ = {isa = PBXFileReference; lastKnownFileType = sourcecode.swift; path = OnboardingText.swift; sourceTree = "<group>"; };
		0E8FE4F52934F19F00DBF715 /* ProgressViewModel.swift */ = {isa = PBXFileReference; lastKnownFileType = sourcecode.swift; path = ProgressViewModel.swift; sourceTree = "<group>"; };
		0E8FE4F72935AB3E00DBF715 /* TuntunLoading.swift */ = {isa = PBXFileReference; lastKnownFileType = sourcecode.swift; path = TuntunLoading.swift; sourceTree = "<group>"; };
		0E8FE4F92935ADA300DBF715 /* LaunchScreen.storyboard */ = {isa = PBXFileReference; lastKnownFileType = file.storyboard; path = LaunchScreen.storyboard; sourceTree = "<group>"; };
		0E8FE4FC29364D9700DBF715 /* MilestoneData.swift */ = {isa = PBXFileReference; lastKnownFileType = sourcecode.swift; path = MilestoneData.swift; sourceTree = "<group>"; };
		0E8FE50429366D9200DBF715 /* Baby+CoreDataClass.swift */ = {isa = PBXFileReference; lastKnownFileType = sourcecode.swift; path = "Baby+CoreDataClass.swift"; sourceTree = "<group>"; };
		0E8FE50529366D9200DBF715 /* Baby+CoreDataProperties.swift */ = {isa = PBXFileReference; lastKnownFileType = sourcecode.swift; path = "Baby+CoreDataProperties.swift"; sourceTree = "<group>"; };
		0E8FE50629366D9200DBF715 /* BabyMilestoneNote+CoreDataClass.swift */ = {isa = PBXFileReference; lastKnownFileType = sourcecode.swift; path = "BabyMilestoneNote+CoreDataClass.swift"; sourceTree = "<group>"; };
		0E8FE50729366D9200DBF715 /* BabyMilestoneNote+CoreDataProperties.swift */ = {isa = PBXFileReference; lastKnownFileType = sourcecode.swift; path = "BabyMilestoneNote+CoreDataProperties.swift"; sourceTree = "<group>"; };
		0E92692A29309AFD0050C375 /* userData.xcdatamodel */ = {isa = PBXFileReference; lastKnownFileType = wrapper.xcdatamodel; path = userData.xcdatamodel; sourceTree = "<group>"; };
		0EA7D732292CBF720024DECC /* RadarChart.swift */ = {isa = PBXFileReference; lastKnownFileType = sourcecode.swift; path = RadarChart.swift; sourceTree = "<group>"; };
		0EA7D737292E24010024DECC /* OnboardingView.swift */ = {isa = PBXFileReference; lastKnownFileType = sourcecode.swift; path = OnboardingView.swift; sourceTree = "<group>"; };
		0EDCE4302906A1A50092F759 /* Persistence.swift */ = {isa = PBXFileReference; fileEncoding = 4; lastKnownFileType = sourcecode.swift; path = Persistence.swift; sourceTree = "<group>"; };
		FA13CD6B2914FCDA00616699 /* Color.swift */ = {isa = PBXFileReference; lastKnownFileType = sourcecode.swift; path = Color.swift; sourceTree = "<group>"; };
		FA241A9C2930FBD600CAA09B /* KeyboardResponder.swift */ = {isa = PBXFileReference; lastKnownFileType = sourcecode.swift; path = KeyboardResponder.swift; sourceTree = "<group>"; };
		FA3266D1293C52C600BCEF10 /* ProgressBar.swift */ = {isa = PBXFileReference; lastKnownFileType = sourcecode.swift; path = ProgressBar.swift; sourceTree = "<group>"; };
		FA3266D3293C8B4100BCEF10 /* UIImage.swift */ = {isa = PBXFileReference; lastKnownFileType = sourcecode.swift; path = UIImage.swift; sourceTree = "<group>"; };
		FA3266D9293CD4FA00BCEF10 /* NotesView.swift */ = {isa = PBXFileReference; lastKnownFileType = sourcecode.swift; path = NotesView.swift; sourceTree = "<group>"; };
		FA34BD4C291A3FE8009DF42B /* MilestoneDetailView.swift */ = {isa = PBXFileReference; lastKnownFileType = sourcecode.swift; path = MilestoneDetailView.swift; sourceTree = "<group>"; };
		FA34BD4E291A5DAC009DF42B /* View.swift */ = {isa = PBXFileReference; lastKnownFileType = sourcecode.swift; path = View.swift; sourceTree = "<group>"; };
		FA4513C8292BDD17002ADD1A /* BackgroundView.swift */ = {isa = PBXFileReference; lastKnownFileType = sourcecode.swift; path = BackgroundView.swift; sourceTree = "<group>"; };
		FA4513CC292BE44D002ADD1A /* HighlightedStimulusView.swift */ = {isa = PBXFileReference; lastKnownFileType = sourcecode.swift; path = HighlightedStimulusView.swift; sourceTree = "<group>"; };
		FA48EFB9292CC746009ED62B /* ContentHeaderView.swift */ = {isa = PBXFileReference; lastKnownFileType = sourcecode.swift; path = ContentHeaderView.swift; sourceTree = "<group>"; };
		FA48EFBB292CD5D0009ED62B /* ActivityCardView.swift */ = {isa = PBXFileReference; lastKnownFileType = sourcecode.swift; path = ActivityCardView.swift; sourceTree = "<group>"; };
		FA77F7F92938A8330054C87D /* ImageCamera.swift */ = {isa = PBXFileReference; lastKnownFileType = sourcecode.swift; path = ImageCamera.swift; sourceTree = "<group>"; };
		FA7B72B1293DC8CE00500404 /* Photo.swift */ = {isa = PBXFileReference; lastKnownFileType = sourcecode.swift; path = Photo.swift; sourceTree = "<group>"; };
		FA7B7EFF29339488005E8425 /* ProgressShareView.swift */ = {isa = PBXFileReference; lastKnownFileType = sourcecode.swift; path = ProgressShareView.swift; sourceTree = "<group>"; };
		FA888ED82939F93F0035C733 /* NoReportMilestoneView.swift */ = {isa = PBXFileReference; lastKnownFileType = sourcecode.swift; path = NoReportMilestoneView.swift; sourceTree = "<group>"; };
		FA888EDA2939F9730035C733 /* ReportMilestoneView.swift */ = {isa = PBXFileReference; lastKnownFileType = sourcecode.swift; path = ReportMilestoneView.swift; sourceTree = "<group>"; };
		FA888EDD2939FAEF0035C733 /* MilestoneCategoryCardViewReport.swift */ = {isa = PBXFileReference; lastKnownFileType = sourcecode.swift; path = MilestoneCategoryCardViewReport.swift; sourceTree = "<group>"; };
		FA93412E2935EFFD004975FE /* MilestonePeriodSheet.swift */ = {isa = PBXFileReference; lastKnownFileType = sourcecode.swift; path = MilestonePeriodSheet.swift; sourceTree = "<group>"; };
		FA9341302936057F004975FE /* ProfileSwitcherSheet.swift */ = {isa = PBXFileReference; lastKnownFileType = sourcecode.swift; path = ProfileSwitcherSheet.swift; sourceTree = "<group>"; };
		FA9706CB293A450A00D39BB6 /* ProfileEditView.swift */ = {isa = PBXFileReference; lastKnownFileType = sourcecode.swift; path = ProfileEditView.swift; sourceTree = "<group>"; };
		FA996A16292E23D400DF570E /* Image.swift */ = {isa = PBXFileReference; lastKnownFileType = sourcecode.swift; path = Image.swift; sourceTree = "<group>"; };
		FA996A18292E25F700DF570E /* MissionView.swift */ = {isa = PBXFileReference; lastKnownFileType = sourcecode.swift; path = MissionView.swift; sourceTree = "<group>"; };
		FAB8F3E6291A0570008F7C59 /* Date.swift */ = {isa = PBXFileReference; lastKnownFileType = sourcecode.swift; path = Date.swift; sourceTree = "<group>"; };
		FACDC5DA292F5DE4007B51A4 /* NoteView.swift */ = {isa = PBXFileReference; lastKnownFileType = sourcecode.swift; path = NoteView.swift; sourceTree = "<group>"; };
		FACDC5DC292F5ED3007B51A4 /* ButtonStyle.swift */ = {isa = PBXFileReference; lastKnownFileType = sourcecode.swift; path = ButtonStyle.swift; sourceTree = "<group>"; };
		FAE17339293202110076ABFA /* StimulusDetailView.swift */ = {isa = PBXFileReference; lastKnownFileType = sourcecode.swift; path = StimulusDetailView.swift; sourceTree = "<group>"; };
		FAE1733B29320A7E0076ABFA /* StimulusMaterialView.swift */ = {isa = PBXFileReference; lastKnownFileType = sourcecode.swift; path = StimulusMaterialView.swift; sourceTree = "<group>"; };
		FAE1733D2932140F0076ABFA /* StimulusStepView.swift */ = {isa = PBXFileReference; lastKnownFileType = sourcecode.swift; path = StimulusStepView.swift; sourceTree = "<group>"; };
		FAF49536292FA3AE00D396E1 /* NoteDetailView.swift */ = {isa = PBXFileReference; lastKnownFileType = sourcecode.swift; path = NoteDetailView.swift; sourceTree = "<group>"; };
		FAF8545B29349463009C8CA5 /* AlbumView.swift */ = {isa = PBXFileReference; lastKnownFileType = sourcecode.swift; path = AlbumView.swift; sourceTree = "<group>"; };
		FAF8545F29349AC4009C8CA5 /* ProfileAvatarView.swift */ = {isa = PBXFileReference; lastKnownFileType = sourcecode.swift; path = ProfileAvatarView.swift; sourceTree = "<group>"; };
		FAF854612934B612009C8CA5 /* MilestonePhotoCardView.swift */ = {isa = PBXFileReference; lastKnownFileType = sourcecode.swift; path = MilestonePhotoCardView.swift; sourceTree = "<group>"; };
		FAF854632934B62C009C8CA5 /* PhotoCardView.swift */ = {isa = PBXFileReference; lastKnownFileType = sourcecode.swift; path = PhotoCardView.swift; sourceTree = "<group>"; };
		FAF854652934B654009C8CA5 /* CustomSegmentedControlView.swift */ = {isa = PBXFileReference; lastKnownFileType = sourcecode.swift; path = CustomSegmentedControlView.swift; sourceTree = "<group>"; };
		FAF854672934B6CD009C8CA5 /* StimulusPhotoCardView.swift */ = {isa = PBXFileReference; lastKnownFileType = sourcecode.swift; path = StimulusPhotoCardView.swift; sourceTree = "<group>"; };
/* End PBXFileReference section */

/* Begin PBXFrameworksBuildPhase section */
		0E7456EB29069B4D00D792E6 /* Frameworks */ = {
			isa = PBXFrameworksBuildPhase;
			buildActionMask = 2147483647;
			files = (
			);
			runOnlyForDeploymentPostprocessing = 0;
		};
/* End PBXFrameworksBuildPhase section */

/* Begin PBXGroup section */
		0E0C8BDA29388BE9009ABC42 /* ProfileSwitcherSheet */ = {
			isa = PBXGroup;
			children = (
				FA9341302936057F004975FE /* ProfileSwitcherSheet.swift */,
				0E0C8BDB29388C0F009ABC42 /* ProfileSwitcherSheetViewModel.swift */,
			);
			path = ProfileSwitcherSheet;
			sourceTree = "<group>";
		};
		0E0C8BDE29389A05009ABC42 /* MilestoneCategoryCardView */ = {
			isa = PBXGroup;
			children = (
				0E2F9A902937396900DDAA28 /* MilestoneCategoryCardViewModel.swift */,
				FA888EDD2939FAEF0035C733 /* MilestoneCategoryCardViewReport.swift */,
				0E1C86EA293A14F000195E04 /* MilestoneCategoryCardDashboardView.swift */,
			);
			path = MilestoneCategoryCardView;
			sourceTree = "<group>";
		};
		0E0C8BE42939061E009ABC42 /* MilestonePeriodSheet */ = {
			isa = PBXGroup;
			children = (
				FA93412E2935EFFD004975FE /* MilestonePeriodSheet.swift */,
				0E0C8BE529390642009ABC42 /* MilestonePeriodSheetViewModel.swift */,
			);
			path = MilestonePeriodSheet;
			sourceTree = "<group>";
		};
		0E46F13D292FAF8A00D54488 /* Fonts */ = {
			isa = PBXGroup;
			children = (
				0E4151972939B64D00A2A448 /* Alexandria-Light.ttf */,
				0E1C86E42939B82800195E04 /* Alexandria-Regular.ttf */,
				0E4151982939B65A00A2A448 /* Alexandria-SemiBold.ttf */,
				0E1C86E62939DB4000195E04 /* FontType.swift */,
			);
			path = Fonts;
			sourceTree = "<group>";
		};
		0E576EEA290A7AD400341C88 /* Service */ = {
			isa = PBXGroup;
			children = (
				0EDCE4302906A1A50092F759 /* Persistence.swift */,
				0E92692929309AFD0050C375 /* userData.xcdatamodeld */,
			);
			path = Service;
			sourceTree = "<group>";
		};
		0E6F61F2290FC74B005C5415 /* Milestone */ = {
			isa = PBXGroup;
			children = (
				FA34BD4C291A3FE8009DF42B /* MilestoneDetailView.swift */,
				0EFF9D8C293F81EA006B5954 /* Components */,
			);
			path = Milestone;
			sourceTree = "<group>";
		};
		0E7456E529069B4C00D792E6 = {
			isa = PBXGroup;
			children = (
				0E7456F029069B4D00D792E6 /* macro-team15 */,
				0E8FE4DF2933E52300DBF715 /* macro-team15.app */,
				0E7456F129069B4D00D792E6 /* macro_team15App.swift */,
			);
			sourceTree = "<group>";
		};
		0E7456F029069B4D00D792E6 /* macro-team15 */ = {
			isa = PBXGroup;
			children = (
				0E8FE4D42933CD0C00DBF715 /* Utilities */,
				FA13CD6A2914FCCD00616699 /* Extensions */,
				0EDCE4352906A3140092F759 /* Model */,
				0EDCE4362906A4D60092F759 /* View */,
				0E576EEA290A7AD400341C88 /* Service */,
				0EFF9D8E293F841B006B5954 /* Resources */,
			);
			path = "macro-team15";
			sourceTree = "<group>";
		};
		0E7456F729069B4E00D792E6 /* Preview Content */ = {
			isa = PBXGroup;
			children = (
				0E7456F829069B4E00D792E6 /* Preview Assets.xcassets */,
			);
			path = "Preview Content";
			sourceTree = "<group>";
		};
		0E8FE4C52933A32900DBF715 /* Screen */ = {
			isa = PBXGroup;
			children = (
				0E7456F329069B4D00D792E6 /* ContentView.swift */,
				0E8FE4CE2933C41600DBF715 /* ContentViewModel.swift */,
				0E8FE4F92935ADA300DBF715 /* LaunchScreen.storyboard */,
				0E8FE512293675C300DBF715 /* Progress */,
				0E8FE4E02933ECAB00DBF715 /* Report */,
				FAF8545929349431009C8CA5 /* Album */,
				FA3266D8293CD4DA00BCEF10 /* Note */,
				FAE17338293201F40076ABFA /* Stimulus */,
				0EA7D736292E23D20024DECC /* Onboarding */,
				0E6F61F2290FC74B005C5415 /* Milestone */,
				FA9706CA293A44F900D39BB6 /* Profile */,
			);
			path = Screen;
			sourceTree = "<group>";
		};
		0E8FE4D42933CD0C00DBF715 /* Utilities */ = {
			isa = PBXGroup;
			children = (
				FA77F7F92938A8330054C87D /* ImageCamera.swift */,
				FA7B72B1293DC8CE00500404 /* Photo.swift */,
				FA241A9C2930FBD600CAA09B /* KeyboardResponder.swift */,
				0E1C86E8293A0F9E00195E04 /* StringManipulation.swift */,
				0E5F90C0293E257800502640 /* NotificationManager.swift */,
				0E5F90C2293E260F00502640 /* AppDelegate.swift */,
				0E5F90C6293EE70400502640 /* InstagramManager.swift */,
			);
			path = Utilities;
			sourceTree = "<group>";
		};
		0E8FE4E02933ECAB00DBF715 /* Report */ = {
			isa = PBXGroup;
			children = (
				0E8FE4E12933ED1500DBF715 /* ReportView.swift */,
				0E3B1114293C996100404E88 /* ReportViewModel.swift */,
				0EFF9D84293F7E5B006B5954 /* Components */,
			);
			path = Report;
			sourceTree = "<group>";
		};
		0E8FE4E329349C2600DBF715 /* Components */ = {
			isa = PBXGroup;
			children = (
				0E8FE4E629349C7D00DBF715 /* GreetingOnboarding.swift */,
				0E8FE4EB29349CDA00DBF715 /* NameOnboarding.swift */,
				0E8FE4E929349CC000DBF715 /* DateOnboarding.swift */,
				0E8FE4ED29349D0800DBF715 /* ProfilePictureOnboarding.swift */,
				0E8FE4E429349C3F00DBF715 /* TuntunIllustration.swift */,
				0E8FE4F129349DFF00DBF715 /* OnboardingText.swift */,
			);
			path = Components;
			sourceTree = "<group>";
		};
		0E8FE4FB29364D8600DBF715 /* StaticData */ = {
			isa = PBXGroup;
			children = (
				0E8FE4FC29364D9700DBF715 /* MilestoneData.swift */,
				0E0C8BE02938EA16009ABC42 /* MaterialData.swift */,
				0E0C8BE22938EA35009ABC42 /* StimulusData.swift */,
			);
			path = StaticData;
			sourceTree = "<group>";
		};
		0E8FE512293675C300DBF715 /* Progress */ = {
			isa = PBXGroup;
			children = (
				0E6F61EE290FC348005C5415 /* ProgressView.swift */,
				0E8FE4F52934F19F00DBF715 /* ProgressViewModel.swift */,
				0EFF9D83293F7E40006B5954 /* Components */,
			);
			path = Progress;
			sourceTree = "<group>";
		};
		0EA7D736292E23D20024DECC /* Onboarding */ = {
			isa = PBXGroup;
			children = (
				0EA7D737292E24010024DECC /* OnboardingView.swift */,
				0E6F61F8290FD283005C5415 /* OnboardingViewModel.swift */,
				0E8FE4E329349C2600DBF715 /* Components */,
			);
			path = Onboarding;
			sourceTree = "<group>";
		};
		0EDCE4352906A3140092F759 /* Model */ = {
			isa = PBXGroup;
			children = (
				0EF16AD1293997C6008D1C5A /* CoreData */,
				0E8FE4FB29364D8600DBF715 /* StaticData */,
				0E6F61F0290FC40B005C5415 /* Enum.swift */,
				0E2F9A922937487D00DDAA28 /* AppData.swift */,
			);
			path = Model;
			sourceTree = "<group>";
		};
		0EDCE4362906A4D60092F759 /* View */ = {
			isa = PBXGroup;
			children = (
				0E8FE4C52933A32900DBF715 /* Screen */,
				FA706AD12913C46D00AD30A4 /* Components */,
			);
			path = View;
			sourceTree = "<group>";
		};
		0EF16AD1293997C6008D1C5A /* CoreData */ = {
			isa = PBXGroup;
			children = (
				0E8FE50429366D9200DBF715 /* Baby+CoreDataClass.swift */,
				0E8FE50529366D9200DBF715 /* Baby+CoreDataProperties.swift */,
				0E0C8BD62937954D009ABC42 /* BabyPhoto+CoreDataClass.swift */,
				0E0C8BD72937954D009ABC42 /* BabyPhoto+CoreDataProperties.swift */,
				0E2F9A942937657F00DDAA28 /* BabyMilestone+CoreDataClass.swift */,
				0E2F9A952937657F00DDAA28 /* BabyMilestone+CoreDataProperties.swift */,
				0E8FE50629366D9200DBF715 /* BabyMilestoneNote+CoreDataClass.swift */,
				0E8FE50729366D9200DBF715 /* BabyMilestoneNote+CoreDataProperties.swift */,
			);
			path = CoreData;
			sourceTree = "<group>";
		};
		0EFF9D83293F7E40006B5954 /* Components */ = {
			isa = PBXGroup;
			children = (
				FA4513CC292BE44D002ADD1A /* HighlightedStimulusView.swift */,
				0E0C8BDE29389A05009ABC42 /* MilestoneCategoryCardView */,
			);
			path = Components;
			sourceTree = "<group>";
		};
		0EFF9D84293F7E5B006B5954 /* Components */ = {
			isa = PBXGroup;
			children = (
				0EA7D732292CBF720024DECC /* RadarChart.swift */,
				FA888EDA2939F9730035C733 /* ReportMilestoneView.swift */,
				FA888ED82939F93F0035C733 /* NoReportMilestoneView.swift */,
			);
			path = Components;
			sourceTree = "<group>";
		};
		0EFF9D85293F7E90006B5954 /* Components */ = {
			isa = PBXGroup;
			children = (
				FAF854652934B654009C8CA5 /* CustomSegmentedControlView.swift */,
				FAF854612934B612009C8CA5 /* MilestonePhotoCardView.swift */,
				FAF854632934B62C009C8CA5 /* PhotoCardView.swift */,
				FAF854672934B6CD009C8CA5 /* StimulusPhotoCardView.swift */,
			);
			path = Components;
			sourceTree = "<group>";
		};
		0EFF9D87293F7F4E006B5954 /* Components */ = {
			isa = PBXGroup;
			children = (
				0E1C86F1293A6D1600195E04 /* ActivityCardLongView.swift */,
				FA48EFBB292CD5D0009ED62B /* ActivityCardView.swift */,
				FAE1733B29320A7E0076ABFA /* StimulusMaterialView.swift */,
				FAE1733D2932140F0076ABFA /* StimulusStepView.swift */,
				0EFF9D88293F7F7D006B5954 /* StimulusDetail */,
			);
			path = Components;
			sourceTree = "<group>";
		};
		0EFF9D88293F7F7D006B5954 /* StimulusDetail */ = {
			isa = PBXGroup;
			children = (
				FAE17339293202110076ABFA /* StimulusDetailView.swift */,
				0E1C86EC293A439200195E04 /* StimulusDetailViewModel.swift */,
			);
			path = StimulusDetail;
			sourceTree = "<group>";
		};
		0EFF9D89293F80F9006B5954 /* Atoms */ = {
			isa = PBXGroup;
			children = (
				FACDC5DC292F5ED3007B51A4 /* ButtonStyle.swift */,
				FA4513C8292BDD17002ADD1A /* BackgroundView.swift */,
				0E8FE4F72935AB3E00DBF715 /* TuntunLoading.swift */,
				FA3266D1293C52C600BCEF10 /* ProgressBar.swift */,
				0E211F22294095F000F78B68 /* CategoryCustomization.swift */,
			);
			path = Atoms;
			sourceTree = "<group>";
		};
		0EFF9D8A293F8129006B5954 /* Molecules */ = {
			isa = PBXGroup;
			children = (
				0E3B1112293C669900404E88 /* EmptyView.swift */,
				FA48EFB9292CC746009ED62B /* ContentHeaderView.swift */,
			);
			path = Molecules;
			sourceTree = "<group>";
		};
		0EFF9D8B293F81B8006B5954 /* Organisms */ = {
			isa = PBXGroup;
			children = (
				0E5F90C4293E354C00502640 /* NotifTester.swift */,
				FA7B7EFF29339488005E8425 /* ProgressShareView.swift */,
			);
			path = Organisms;
			sourceTree = "<group>";
		};
		0EFF9D8C293F81EA006B5954 /* Components */ = {
			isa = PBXGroup;
			children = (
				FA996A18292E25F700DF570E /* MissionView.swift */,
				0E0C8BE42939061E009ABC42 /* MilestonePeriodSheet */,
			);
			path = Components;
			sourceTree = "<group>";
		};
		0EFF9D8D293F8213006B5954 /* Components */ = {
			isa = PBXGroup;
			children = (
				FAF8545F29349AC4009C8CA5 /* ProfileAvatarView.swift */,
				0E0C8BDA29388BE9009ABC42 /* ProfileSwitcherSheet */,
			);
			path = Components;
			sourceTree = "<group>";
		};
		0EFF9D8E293F841B006B5954 /* Resources */ = {
			isa = PBXGroup;
			children = (
				0E46F142292FB14D00D54488 /* Info.plist */,
				0E576EED290A7B2100341C88 /* macro-team15.entitlements */,
				0E7456F529069B4E00D792E6 /* Assets.xcassets */,
				0E7456F729069B4E00D792E6 /* Preview Content */,
			);
			path = Resources;
			sourceTree = "<group>";
		};
		FA13CD6A2914FCCD00616699 /* Extensions */ = {
			isa = PBXGroup;
			children = (
				0E46F13D292FAF8A00D54488 /* Fonts */,
				FA13CD6B2914FCDA00616699 /* Color.swift */,
				FA996A16292E23D400DF570E /* Image.swift */,
				FAB8F3E6291A0570008F7C59 /* Date.swift */,
				FA34BD4E291A5DAC009DF42B /* View.swift */,
				FA3266D3293C8B4100BCEF10 /* UIImage.swift */,
			);
			path = Extensions;
			sourceTree = "<group>";
		};
		FA3266D8293CD4DA00BCEF10 /* Note */ = {
			isa = PBXGroup;
			children = (
				FA3266D9293CD4FA00BCEF10 /* NotesView.swift */,
				FAF49536292FA3AE00D396E1 /* NoteDetailView.swift */,
				FACDC5DA292F5DE4007B51A4 /* NoteView.swift */,
			);
			path = Note;
			sourceTree = "<group>";
		};
		FA706AD12913C46D00AD30A4 /* Components */ = {
			isa = PBXGroup;
			children = (
				0EFF9D89293F80F9006B5954 /* Atoms */,
				0EFF9D8A293F8129006B5954 /* Molecules */,
				0EFF9D8B293F81B8006B5954 /* Organisms */,
			);
			path = Components;
			sourceTree = "<group>";
		};
		FA9706CA293A44F900D39BB6 /* Profile */ = {
			isa = PBXGroup;
			children = (
				FA9706CB293A450A00D39BB6 /* ProfileEditView.swift */,
				0EFF9D8D293F8213006B5954 /* Components */,
			);
			path = Profile;
			sourceTree = "<group>";
		};
		FAE17338293201F40076ABFA /* Stimulus */ = {
			isa = PBXGroup;
			children = (
				0E1C86F0293A6D1600195E04 /* StimuliView.swift */,
				0EFF9D87293F7F4E006B5954 /* Components */,
			);
			name = Stimulus;
			path = Progress/Stimulus;
			sourceTree = "<group>";
		};
		FAF8545929349431009C8CA5 /* Album */ = {
			isa = PBXGroup;
			children = (
				FAF8545B29349463009C8CA5 /* AlbumView.swift */,
				0EFF9D85293F7E90006B5954 /* Components */,
			);
			path = Album;
			sourceTree = "<group>";
		};
/* End PBXGroup section */

/* Begin PBXNativeTarget section */
		0E7456ED29069B4D00D792E6 /* macro-team15 */ = {
			isa = PBXNativeTarget;
			buildConfigurationList = 0E7456FC29069B4E00D792E6 /* Build configuration list for PBXNativeTarget "macro-team15" */;
			buildPhases = (
				0E7456EA29069B4D00D792E6 /* Sources */,
				0E7456EB29069B4D00D792E6 /* Frameworks */,
				0E7456EC29069B4D00D792E6 /* Resources */,
			);
			buildRules = (
			);
			dependencies = (
			);
			name = "macro-team15";
			productName = "macro-team15";
			productReference = 0E8FE4DF2933E52300DBF715 /* macro-team15.app */;
			productType = "com.apple.product-type.application";
		};
/* End PBXNativeTarget section */

/* Begin PBXProject section */
		0E7456E629069B4C00D792E6 /* Project object */ = {
			isa = PBXProject;
			attributes = {
				BuildIndependentTargetsInParallel = 1;
				LastSwiftUpdateCheck = 1400;
				LastUpgradeCheck = 1400;
				TargetAttributes = {
					0E7456ED29069B4D00D792E6 = {
						CreatedOnToolsVersion = 14.0.1;
					};
				};
			};
			buildConfigurationList = 0E7456E929069B4C00D792E6 /* Build configuration list for PBXProject "macro-team15" */;
			compatibilityVersion = "Xcode 14.0";
			developmentRegion = en;
			hasScannedForEncodings = 0;
			knownRegions = (
				en,
				Base,
			);
			mainGroup = 0E7456E529069B4C00D792E6;
			productRefGroup = 0E7456E529069B4C00D792E6;
			projectDirPath = "";
			projectRoot = "";
			targets = (
				0E7456ED29069B4D00D792E6 /* macro-team15 */,
			);
		};
/* End PBXProject section */

/* Begin PBXResourcesBuildPhase section */
		0E7456EC29069B4D00D792E6 /* Resources */ = {
			isa = PBXResourcesBuildPhase;
			buildActionMask = 2147483647;
			files = (
				0E7456F929069B4E00D792E6 /* Preview Assets.xcassets in Resources */,
				0E8FE4FA2935ADA300DBF715 /* LaunchScreen.storyboard in Resources */,
				0E1C86E22939B80700195E04 /* Alexandria-Light.ttf in Resources */,
				0E1C86E32939B80A00195E04 /* Alexandria-SemiBold.ttf in Resources */,
				0E1C86E52939B82A00195E04 /* Alexandria-Regular.ttf in Resources */,
				0E7456F629069B4E00D792E6 /* Assets.xcassets in Resources */,
			);
			runOnlyForDeploymentPostprocessing = 0;
		};
/* End PBXResourcesBuildPhase section */

/* Begin PBXSourcesBuildPhase section */
		0E7456EA29069B4D00D792E6 /* Sources */ = {
			isa = PBXSourcesBuildPhase;
			buildActionMask = 2147483647;
			files = (
				FAF49537292FA3AE00D396E1 /* NoteDetailView.swift in Sources */,
				0E8FE4E22933ED1500DBF715 /* ReportView.swift in Sources */,
				FA888EDB2939F9730035C733 /* ReportMilestoneView.swift in Sources */,
				FA241A9D2930FBD600CAA09B /* KeyboardResponder.swift in Sources */,
				0E8FE4EE29349D0800DBF715 /* ProfilePictureOnboarding.swift in Sources */,
				0E8FE50F29366D9200DBF715 /* BabyMilestoneNote+CoreDataProperties.swift in Sources */,
				FA3266D4293C8B4100BCEF10 /* UIImage.swift in Sources */,
				FA3266D2293C52C600BCEF10 /* ProgressBar.swift in Sources */,
				0E8FE4E729349C7D00DBF715 /* GreetingOnboarding.swift in Sources */,
				FAF854622934B612009C8CA5 /* MilestonePhotoCardView.swift in Sources */,
				0E1C86EB293A14F000195E04 /* MilestoneCategoryCardDashboardView.swift in Sources */,
				0E5F90C5293E354C00502640 /* NotifTester.swift in Sources */,
				0E8FE4E529349C3F00DBF715 /* TuntunIllustration.swift in Sources */,
				0EA7D733292CBF720024DECC /* RadarChart.swift in Sources */,
				0E6F61F9290FD283005C5415 /* OnboardingViewModel.swift in Sources */,
				0E1C86E72939DB4000195E04 /* FontType.swift in Sources */,
				FA4513C9292BDD17002ADD1A /* BackgroundView.swift in Sources */,
				0E5F90C7293EE70400502640 /* InstagramManager.swift in Sources */,
				0E0C8BE629390642009ABC42 /* MilestonePeriodSheetViewModel.swift in Sources */,
				0E0C8BD92937954D009ABC42 /* BabyPhoto+CoreDataProperties.swift in Sources */,
				FA996A17292E23D400DF570E /* Image.swift in Sources */,
				FACDC5DD292F5ED3007B51A4 /* ButtonStyle.swift in Sources */,
				FAF854682934B6CD009C8CA5 /* StimulusPhotoCardView.swift in Sources */,
				0E2F9A962937657F00DDAA28 /* BabyMilestone+CoreDataClass.swift in Sources */,
				FA888ED92939F93F0035C733 /* NoReportMilestoneView.swift in Sources */,
				0E3B1115293C996100404E88 /* ReportViewModel.swift in Sources */,
				0E8FE4EC29349CDA00DBF715 /* NameOnboarding.swift in Sources */,
				0E8FE50C29366D9200DBF715 /* Baby+CoreDataClass.swift in Sources */,
				0E8FE50D29366D9200DBF715 /* Baby+CoreDataProperties.swift in Sources */,
				0E2F9A972937657F00DDAA28 /* BabyMilestone+CoreDataProperties.swift in Sources */,
				0E5F90C3293E260F00502640 /* AppDelegate.swift in Sources */,
				0E2F9A912937396900DDAA28 /* MilestoneCategoryCardViewModel.swift in Sources */,
				FAB8F3E7291A0570008F7C59 /* Date.swift in Sources */,
				0E8FE4F82935AB3E00DBF715 /* TuntunLoading.swift in Sources */,
				FA4513CD292BE44D002ADD1A /* HighlightedStimulusView.swift in Sources */,
				0E1C86F3293A6D1600195E04 /* ActivityCardLongView.swift in Sources */,
				0EA7D738292E24010024DECC /* OnboardingView.swift in Sources */,
				0E8FE4F229349DFF00DBF715 /* OnboardingText.swift in Sources */,
				0E0C8BD82937954D009ABC42 /* BabyPhoto+CoreDataClass.swift in Sources */,
				0E3B1113293C669900404E88 /* EmptyView.swift in Sources */,
				FA77F7FA2938A8330054C87D /* ImageCamera.swift in Sources */,
				0EDCE4332906A1A50092F759 /* Persistence.swift in Sources */,
				FA7B7F0029339488005E8425 /* ProgressShareView.swift in Sources */,
				FAE1733A293202110076ABFA /* StimulusDetailView.swift in Sources */,
				FA13CD6C2914FCDA00616699 /* Color.swift in Sources */,
				FACDC5DB292F5DE4007B51A4 /* NoteView.swift in Sources */,
				0E1C86ED293A439200195E04 /* StimulusDetailViewModel.swift in Sources */,
				0E0C8BE12938EA16009ABC42 /* MaterialData.swift in Sources */,
				0E7456F429069B4D00D792E6 /* ContentView.swift in Sources */,
				0E8FE4FD29364D9700DBF715 /* MilestoneData.swift in Sources */,
				FAF8545C29349463009C8CA5 /* AlbumView.swift in Sources */,
				FA48EFBC292CD5D0009ED62B /* ActivityCardView.swift in Sources */,
				0E1C86F2293A6D1600195E04 /* StimuliView.swift in Sources */,
				FA888EDE2939FAEF0035C733 /* MilestoneCategoryCardViewReport.swift in Sources */,
				FAF8546029349AC4009C8CA5 /* ProfileAvatarView.swift in Sources */,
				0E7456F229069B4D00D792E6 /* macro_team15App.swift in Sources */,
				FA3266DA293CD4FA00BCEF10 /* NotesView.swift in Sources */,
				0E6F61F1290FC40B005C5415 /* Enum.swift in Sources */,
				0E8FE4F62934F19F00DBF715 /* ProgressViewModel.swift in Sources */,
				FA34BD4D291A3FE8009DF42B /* MilestoneDetailView.swift in Sources */,
				FAF854662934B654009C8CA5 /* CustomSegmentedControlView.swift in Sources */,
				0E8FE4CF2933C41600DBF715 /* ContentViewModel.swift in Sources */,
				FA34BD4F291A5DAC009DF42B /* View.swift in Sources */,
				FAE1733E2932140F0076ABFA /* StimulusStepView.swift in Sources */,
				0E5F90C1293E257800502640 /* NotificationManager.swift in Sources */,
				FA9341312936057F004975FE /* ProfileSwitcherSheet.swift in Sources */,
				0E2F9A932937487D00DDAA28 /* AppData.swift in Sources */,
				0E211F23294095F000F78B68 /* CategoryCustomization.swift in Sources */,
				FA7B72B2293DC8CE00500404 /* Photo.swift in Sources */,
				0E8FE4EA29349CC000DBF715 /* DateOnboarding.swift in Sources */,
				0E8FE50E29366D9200DBF715 /* BabyMilestoneNote+CoreDataClass.swift in Sources */,
				FA93412F2935EFFD004975FE /* MilestonePeriodSheet.swift in Sources */,
				FA48EFBA292CC746009ED62B /* ContentHeaderView.swift in Sources */,
				0E0C8BE32938EA35009ABC42 /* StimulusData.swift in Sources */,
				0E1C86E9293A0F9E00195E04 /* StringManipulation.swift in Sources */,
				FA9706CC293A450A00D39BB6 /* ProfileEditView.swift in Sources */,
				FAF854642934B62C009C8CA5 /* PhotoCardView.swift in Sources */,
				0E6F61EF290FC348005C5415 /* ProgressView.swift in Sources */,
				0E92692B29309AFD0050C375 /* userData.xcdatamodeld in Sources */,
				FA996A19292E25F700DF570E /* MissionView.swift in Sources */,
				FAE1733C29320A7E0076ABFA /* StimulusMaterialView.swift in Sources */,
				0E0C8BDC29388C0F009ABC42 /* ProfileSwitcherSheetViewModel.swift in Sources */,
			);
			runOnlyForDeploymentPostprocessing = 0;
		};
/* End PBXSourcesBuildPhase section */

/* Begin XCBuildConfiguration section */
		0E7456FA29069B4E00D792E6 /* Debug */ = {
			isa = XCBuildConfiguration;
			buildSettings = {
				ALWAYS_SEARCH_USER_PATHS = NO;
				CLANG_ANALYZER_NONNULL = YES;
				CLANG_ANALYZER_NUMBER_OBJECT_CONVERSION = YES_AGGRESSIVE;
				CLANG_CXX_LANGUAGE_STANDARD = "gnu++20";
				CLANG_ENABLE_MODULES = YES;
				CLANG_ENABLE_OBJC_ARC = YES;
				CLANG_ENABLE_OBJC_WEAK = YES;
				CLANG_WARN_BLOCK_CAPTURE_AUTORELEASING = YES;
				CLANG_WARN_BOOL_CONVERSION = YES;
				CLANG_WARN_COMMA = YES;
				CLANG_WARN_CONSTANT_CONVERSION = YES;
				CLANG_WARN_DEPRECATED_OBJC_IMPLEMENTATIONS = YES;
				CLANG_WARN_DIRECT_OBJC_ISA_USAGE = YES_ERROR;
				CLANG_WARN_DOCUMENTATION_COMMENTS = YES;
				CLANG_WARN_EMPTY_BODY = YES;
				CLANG_WARN_ENUM_CONVERSION = YES;
				CLANG_WARN_INFINITE_RECURSION = YES;
				CLANG_WARN_INT_CONVERSION = YES;
				CLANG_WARN_NON_LITERAL_NULL_CONVERSION = YES;
				CLANG_WARN_OBJC_IMPLICIT_RETAIN_SELF = YES;
				CLANG_WARN_OBJC_LITERAL_CONVERSION = YES;
				CLANG_WARN_OBJC_ROOT_CLASS = YES_ERROR;
				CLANG_WARN_QUOTED_INCLUDE_IN_FRAMEWORK_HEADER = YES;
				CLANG_WARN_RANGE_LOOP_ANALYSIS = YES;
				CLANG_WARN_STRICT_PROTOTYPES = YES;
				CLANG_WARN_SUSPICIOUS_MOVE = YES;
				CLANG_WARN_UNGUARDED_AVAILABILITY = YES_AGGRESSIVE;
				CLANG_WARN_UNREACHABLE_CODE = YES;
				CLANG_WARN__DUPLICATE_METHOD_MATCH = YES;
				COPY_PHASE_STRIP = NO;
				DEBUG_INFORMATION_FORMAT = dwarf;
				ENABLE_STRICT_OBJC_MSGSEND = YES;
				ENABLE_TESTABILITY = YES;
				GCC_C_LANGUAGE_STANDARD = gnu11;
				GCC_DYNAMIC_NO_PIC = NO;
				GCC_NO_COMMON_BLOCKS = YES;
				GCC_OPTIMIZATION_LEVEL = 0;
				GCC_PREPROCESSOR_DEFINITIONS = (
					"DEBUG=1",
					"$(inherited)",
				);
				GCC_WARN_64_TO_32_BIT_CONVERSION = YES;
				GCC_WARN_ABOUT_RETURN_TYPE = YES_ERROR;
				GCC_WARN_UNDECLARED_SELECTOR = YES;
				GCC_WARN_UNINITIALIZED_AUTOS = YES_AGGRESSIVE;
				GCC_WARN_UNUSED_FUNCTION = YES;
				GCC_WARN_UNUSED_VARIABLE = YES;
				IPHONEOS_DEPLOYMENT_TARGET = 16.0;
				MTL_ENABLE_DEBUG_INFO = INCLUDE_SOURCE;
				MTL_FAST_MATH = YES;
				ONLY_ACTIVE_ARCH = YES;
				SDKROOT = iphoneos;
				SWIFT_ACTIVE_COMPILATION_CONDITIONS = DEBUG;
				SWIFT_OPTIMIZATION_LEVEL = "-Onone";
			};
			name = Debug;
		};
		0E7456FB29069B4E00D792E6 /* Release */ = {
			isa = XCBuildConfiguration;
			buildSettings = {
				ALWAYS_SEARCH_USER_PATHS = NO;
				CLANG_ANALYZER_NONNULL = YES;
				CLANG_ANALYZER_NUMBER_OBJECT_CONVERSION = YES_AGGRESSIVE;
				CLANG_CXX_LANGUAGE_STANDARD = "gnu++20";
				CLANG_ENABLE_MODULES = YES;
				CLANG_ENABLE_OBJC_ARC = YES;
				CLANG_ENABLE_OBJC_WEAK = YES;
				CLANG_WARN_BLOCK_CAPTURE_AUTORELEASING = YES;
				CLANG_WARN_BOOL_CONVERSION = YES;
				CLANG_WARN_COMMA = YES;
				CLANG_WARN_CONSTANT_CONVERSION = YES;
				CLANG_WARN_DEPRECATED_OBJC_IMPLEMENTATIONS = YES;
				CLANG_WARN_DIRECT_OBJC_ISA_USAGE = YES_ERROR;
				CLANG_WARN_DOCUMENTATION_COMMENTS = YES;
				CLANG_WARN_EMPTY_BODY = YES;
				CLANG_WARN_ENUM_CONVERSION = YES;
				CLANG_WARN_INFINITE_RECURSION = YES;
				CLANG_WARN_INT_CONVERSION = YES;
				CLANG_WARN_NON_LITERAL_NULL_CONVERSION = YES;
				CLANG_WARN_OBJC_IMPLICIT_RETAIN_SELF = YES;
				CLANG_WARN_OBJC_LITERAL_CONVERSION = YES;
				CLANG_WARN_OBJC_ROOT_CLASS = YES_ERROR;
				CLANG_WARN_QUOTED_INCLUDE_IN_FRAMEWORK_HEADER = YES;
				CLANG_WARN_RANGE_LOOP_ANALYSIS = YES;
				CLANG_WARN_STRICT_PROTOTYPES = YES;
				CLANG_WARN_SUSPICIOUS_MOVE = YES;
				CLANG_WARN_UNGUARDED_AVAILABILITY = YES_AGGRESSIVE;
				CLANG_WARN_UNREACHABLE_CODE = YES;
				CLANG_WARN__DUPLICATE_METHOD_MATCH = YES;
				COPY_PHASE_STRIP = NO;
				DEBUG_INFORMATION_FORMAT = "dwarf-with-dsym";
				ENABLE_NS_ASSERTIONS = NO;
				ENABLE_STRICT_OBJC_MSGSEND = YES;
				GCC_C_LANGUAGE_STANDARD = gnu11;
				GCC_NO_COMMON_BLOCKS = YES;
				GCC_WARN_64_TO_32_BIT_CONVERSION = YES;
				GCC_WARN_ABOUT_RETURN_TYPE = YES_ERROR;
				GCC_WARN_UNDECLARED_SELECTOR = YES;
				GCC_WARN_UNINITIALIZED_AUTOS = YES_AGGRESSIVE;
				GCC_WARN_UNUSED_FUNCTION = YES;
				GCC_WARN_UNUSED_VARIABLE = YES;
				IPHONEOS_DEPLOYMENT_TARGET = 16.0;
				MTL_ENABLE_DEBUG_INFO = NO;
				MTL_FAST_MATH = YES;
				SDKROOT = iphoneos;
				SWIFT_COMPILATION_MODE = wholemodule;
				SWIFT_OPTIMIZATION_LEVEL = "-O";
				VALIDATE_PRODUCT = YES;
			};
			name = Release;
		};
		0E7456FD29069B4E00D792E6 /* Debug */ = {
			isa = XCBuildConfiguration;
			buildSettings = {
				ASSETCATALOG_COMPILER_APPICON_NAME = AppIcon;
				ASSETCATALOG_COMPILER_GLOBAL_ACCENT_COLOR_NAME = AccentColor;
				CODE_SIGN_ENTITLEMENTS = "macro-team15/Resources/macro-team15.entitlements";
				CODE_SIGN_STYLE = Automatic;
				CURRENT_PROJECT_VERSION = 9;
				DEVELOPMENT_ASSET_PATHS = "macro-team15/Resources/Preview\\ Content";
				DEVELOPMENT_TEAM = 474XANH3RF;
				ENABLE_PREVIEWS = YES;
				GENERATE_INFOPLIST_FILE = YES;
				INFOPLIST_FILE = "macro-team15/Resources/Info.plist";
				INFOPLIST_KEY_CFBundleDisplayName = Tuntun;
				INFOPLIST_KEY_LSApplicationCategoryType = "public.app-category.medical";
				INFOPLIST_KEY_NSCameraUsageDescription = "This app requires access to camera to update your profile photo and shareable contents";
				INFOPLIST_KEY_UIApplicationSceneManifest_Generation = YES;
				INFOPLIST_KEY_UIApplicationSupportsIndirectInputEvents = YES;
				INFOPLIST_KEY_UILaunchScreen_Generation = YES;
				INFOPLIST_KEY_UILaunchStoryboardName = LaunchScreen.storyboard;
				INFOPLIST_KEY_UISupportedInterfaceOrientations = UIInterfaceOrientationPortrait;
				IPHONEOS_DEPLOYMENT_TARGET = 16.0;
				LD_RUNPATH_SEARCH_PATHS = (
					"$(inherited)",
					"@executable_path/Frameworks",
				);
				MARKETING_VERSION = 1.0;
				PRODUCT_BUNDLE_IDENTIFIER = "ditcu.macro-team15";
				PRODUCT_NAME = "$(TARGET_NAME)";
				SUPPORTED_PLATFORMS = "iphoneos iphonesimulator";
				SUPPORTS_MACCATALYST = NO;
				SUPPORTS_MAC_DESIGNED_FOR_IPHONE_IPAD = NO;
				SWIFT_EMIT_LOC_STRINGS = YES;
				SWIFT_VERSION = 5.0;
				TARGETED_DEVICE_FAMILY = 1;
			};
			name = Debug;
		};
		0E7456FE29069B4E00D792E6 /* Release */ = {
			isa = XCBuildConfiguration;
			buildSettings = {
				ASSETCATALOG_COMPILER_APPICON_NAME = AppIcon;
				ASSETCATALOG_COMPILER_GLOBAL_ACCENT_COLOR_NAME = AccentColor;
				CODE_SIGN_ENTITLEMENTS = "macro-team15/Resources/macro-team15.entitlements";
				CODE_SIGN_STYLE = Automatic;
				CURRENT_PROJECT_VERSION = 9;
				DEVELOPMENT_ASSET_PATHS = "macro-team15/Resources/Preview\\ Content";
				DEVELOPMENT_TEAM = 474XANH3RF;
				ENABLE_PREVIEWS = YES;
				GENERATE_INFOPLIST_FILE = YES;
				INFOPLIST_FILE = "macro-team15/Resources/Info.plist";
				INFOPLIST_KEY_CFBundleDisplayName = Tuntun;
				INFOPLIST_KEY_LSApplicationCategoryType = "public.app-category.medical";
				INFOPLIST_KEY_NSCameraUsageDescription = "This app requires access to camera to update your profile photo and shareable contents";
				INFOPLIST_KEY_UIApplicationSceneManifest_Generation = YES;
				INFOPLIST_KEY_UIApplicationSupportsIndirectInputEvents = YES;
				INFOPLIST_KEY_UILaunchScreen_Generation = YES;
				INFOPLIST_KEY_UILaunchStoryboardName = LaunchScreen.storyboard;
				INFOPLIST_KEY_UISupportedInterfaceOrientations = UIInterfaceOrientationPortrait;
				IPHONEOS_DEPLOYMENT_TARGET = 16.0;
				LD_RUNPATH_SEARCH_PATHS = (
					"$(inherited)",
					"@executable_path/Frameworks",
				);
				MARKETING_VERSION = 1.0;
				PRODUCT_BUNDLE_IDENTIFIER = "ditcu.macro-team15";
				PRODUCT_NAME = "$(TARGET_NAME)";
				SUPPORTED_PLATFORMS = "iphoneos iphonesimulator";
				SUPPORTS_MACCATALYST = NO;
				SUPPORTS_MAC_DESIGNED_FOR_IPHONE_IPAD = NO;
				SWIFT_EMIT_LOC_STRINGS = YES;
				SWIFT_VERSION = 5.0;
				TARGETED_DEVICE_FAMILY = 1;
			};
			name = Release;
		};
/* End XCBuildConfiguration section */

/* Begin XCConfigurationList section */
		0E7456E929069B4C00D792E6 /* Build configuration list for PBXProject "macro-team15" */ = {
			isa = XCConfigurationList;
			buildConfigurations = (
				0E7456FA29069B4E00D792E6 /* Debug */,
				0E7456FB29069B4E00D792E6 /* Release */,
			);
			defaultConfigurationIsVisible = 0;
			defaultConfigurationName = Release;
		};
		0E7456FC29069B4E00D792E6 /* Build configuration list for PBXNativeTarget "macro-team15" */ = {
			isa = XCConfigurationList;
			buildConfigurations = (
				0E7456FD29069B4E00D792E6 /* Debug */,
				0E7456FE29069B4E00D792E6 /* Release */,
			);
			defaultConfigurationIsVisible = 0;
			defaultConfigurationName = Release;
		};
/* End XCConfigurationList section */

/* Begin XCVersionGroup section */
		0E92692929309AFD0050C375 /* userData.xcdatamodeld */ = {
			isa = XCVersionGroup;
			children = (
				0E92692A29309AFD0050C375 /* userData.xcdatamodel */,
			);
			currentVersion = 0E92692A29309AFD0050C375 /* userData.xcdatamodel */;
			path = userData.xcdatamodeld;
			sourceTree = "<group>";
			versionGroupType = wrapper.xcdatamodel;
		};
/* End XCVersionGroup section */
	};
	rootObject = 0E7456E629069B4C00D792E6 /* Project object */;
}
